// !$*UTF8*$!
{
	archiveVersion = 1;
	classes = {
	};
	objectVersion = 46;
	objects = {

/* Begin PBXBuildFile section */
		00C302E51ABCBA2D00DB3ED1 /* libRCTActionSheet.a in Frameworks */ = {isa = PBXBuildFile; fileRef = 00C302AC1ABCB8CE00DB3ED1 /* libRCTActionSheet.a */; };
		00C302E71ABCBA2D00DB3ED1 /* libRCTGeolocation.a in Frameworks */ = {isa = PBXBuildFile; fileRef = 00C302BA1ABCB90400DB3ED1 /* libRCTGeolocation.a */; };
		00C302E81ABCBA2D00DB3ED1 /* libRCTImage.a in Frameworks */ = {isa = PBXBuildFile; fileRef = 00C302C01ABCB91800DB3ED1 /* libRCTImage.a */; };
		00C302E91ABCBA2D00DB3ED1 /* libRCTNetwork.a in Frameworks */ = {isa = PBXBuildFile; fileRef = 00C302DC1ABCB9D200DB3ED1 /* libRCTNetwork.a */; };
		00C302EA1ABCBA2D00DB3ED1 /* libRCTVibration.a in Frameworks */ = {isa = PBXBuildFile; fileRef = 00C302E41ABCB9EE00DB3ED1 /* libRCTVibration.a */; };
		00E356F31AD99517003FC87E /* ReactRoostTests.m in Sources */ = {isa = PBXBuildFile; fileRef = 00E356F21AD99517003FC87E /* ReactRoostTests.m */; };
		03FDA4F9F02846A49C158A89 /* libRNVectorIcons.a in Frameworks */ = {isa = PBXBuildFile; fileRef = 0B1FE639EB7B4B6BB0CC1793 /* libRNVectorIcons.a */; };
		133E29F31AD74F7200F7D852 /* libRCTLinking.a in Frameworks */ = {isa = PBXBuildFile; fileRef = 78C398B91ACF4ADC00677621 /* libRCTLinking.a */; };
		139105C61AF99C1200B5F7CC /* libRCTSettings.a in Frameworks */ = {isa = PBXBuildFile; fileRef = 139105C11AF99BAD00B5F7CC /* libRCTSettings.a */; };
		139FDEF61B0652A700C62182 /* libRCTWebSocket.a in Frameworks */ = {isa = PBXBuildFile; fileRef = 139FDEF41B06529B00C62182 /* libRCTWebSocket.a */; };
		13B07FBC1A68108700A75B9A /* AppDelegate.m in Sources */ = {isa = PBXBuildFile; fileRef = 13B07FB01A68108700A75B9A /* AppDelegate.m */; };
		13B07FBF1A68108700A75B9A /* Images.xcassets in Resources */ = {isa = PBXBuildFile; fileRef = 13B07FB51A68108700A75B9A /* Images.xcassets */; };
		13B07FC11A68108700A75B9A /* main.m in Sources */ = {isa = PBXBuildFile; fileRef = 13B07FB71A68108700A75B9A /* main.m */; };
		140ED2AC1D01E1AD002B40FF /* libReact.a in Frameworks */ = {isa = PBXBuildFile; fileRef = 146834041AC3E56700842450 /* libReact.a */; };
		146834051AC3E58100842450 /* libReact.a in Frameworks */ = {isa = PBXBuildFile; fileRef = 146834041AC3E56700842450 /* libReact.a */; };
		2A946EF147424C6EAB71152A /* FontAwesome.ttf in Resources */ = {isa = PBXBuildFile; fileRef = 5EF01555A02E4631A4E836BA /* FontAwesome.ttf */; };
		2C34DA949BB041EDA42425BD /* Octicons.ttf in Resources */ = {isa = PBXBuildFile; fileRef = A68ED596FBFA41018781D2AF /* Octicons.ttf */; };
		2C50B6391E0AFE2400139916 /* AppDelegate.m in Sources */ = {isa = PBXBuildFile; fileRef = 13B07FB01A68108700A75B9A /* AppDelegate.m */; };
		2C50B63A1E0AFE2400139916 /* main.m in Sources */ = {isa = PBXBuildFile; fileRef = 13B07FB71A68108700A75B9A /* main.m */; };
		2C50B63B1E0AFE2400139916 /* xxtea.c in Sources */ = {isa = PBXBuildFile; fileRef = 4CDFC1911D9425A100BD9B2C /* xxtea.c */; };
		2C50B63C1E0AFE2400139916 /* Volume.m in Sources */ = {isa = PBXBuildFile; fileRef = CD2DB46C1DF89D48005BBFD4 /* Volume.m */; };
		2C50B63D1E0AFE2400139916 /* Provision.m in Sources */ = {isa = PBXBuildFile; fileRef = 4CD10DE21D91B3440050DB80 /* Provision.m */; };
		2C50B63F1E0AFE2400139916 /* libART.a in Frameworks */ = {isa = PBXBuildFile; fileRef = CD11D9D41DF0CCB400ED9C20 /* libART.a */; };
		2C50B6401E0AFE2400139916 /* libz.tbd in Frameworks */ = {isa = PBXBuildFile; fileRef = 4CDFC1A31D94297100BD9B2C /* libz.tbd */; };
		2C50B6411E0AFE2400139916 /* libRCTPushNotification.a in Frameworks */ = {isa = PBXBuildFile; fileRef = D7F844DE1D9E71ED008B41A4 /* libRCTPushNotification.a */; };
		2C50B6421E0AFE2400139916 /* libReact.a in Frameworks */ = {isa = PBXBuildFile; fileRef = 146834041AC3E56700842450 /* libReact.a */; };
		2C50B6431E0AFE2400139916 /* libRCTActionSheet.a in Frameworks */ = {isa = PBXBuildFile; fileRef = 00C302AC1ABCB8CE00DB3ED1 /* libRCTActionSheet.a */; };
		2C50B6441E0AFE2400139916 /* libRCTGeolocation.a in Frameworks */ = {isa = PBXBuildFile; fileRef = 00C302BA1ABCB90400DB3ED1 /* libRCTGeolocation.a */; };
		2C50B6451E0AFE2400139916 /* libRCTImage.a in Frameworks */ = {isa = PBXBuildFile; fileRef = 00C302C01ABCB91800DB3ED1 /* libRCTImage.a */; };
		2C50B6461E0AFE2400139916 /* libRCTLinking.a in Frameworks */ = {isa = PBXBuildFile; fileRef = 78C398B91ACF4ADC00677621 /* libRCTLinking.a */; };
		2C50B6471E0AFE2400139916 /* libRCTNetwork.a in Frameworks */ = {isa = PBXBuildFile; fileRef = 00C302DC1ABCB9D200DB3ED1 /* libRCTNetwork.a */; };
		2C50B6481E0AFE2400139916 /* libRCTSettings.a in Frameworks */ = {isa = PBXBuildFile; fileRef = 139105C11AF99BAD00B5F7CC /* libRCTSettings.a */; };
		2C50B6491E0AFE2400139916 /* libRCTText.a in Frameworks */ = {isa = PBXBuildFile; fileRef = 832341B51AAA6A8300B99B32 /* libRCTText.a */; };
		2C50B64A1E0AFE2400139916 /* libRCTVibration.a in Frameworks */ = {isa = PBXBuildFile; fileRef = 00C302E41ABCB9EE00DB3ED1 /* libRCTVibration.a */; };
		2C50B64B1E0AFE2400139916 /* libRCTWebSocket.a in Frameworks */ = {isa = PBXBuildFile; fileRef = 139FDEF41B06529B00C62182 /* libRCTWebSocket.a */; };
		2C50B64C1E0AFE2400139916 /* libRNDeviceInfo.a in Frameworks */ = {isa = PBXBuildFile; fileRef = 769EA8BC91934FA5BD880631 /* libRNDeviceInfo.a */; };
		2C50B64D1E0AFE2400139916 /* libRNI18n.a in Frameworks */ = {isa = PBXBuildFile; fileRef = F3D477719D7B4D3BA4A130FF /* libRNI18n.a */; };
		2C50B64E1E0AFE2400139916 /* libRNVectorIcons.a in Frameworks */ = {isa = PBXBuildFile; fileRef = 0B1FE639EB7B4B6BB0CC1793 /* libRNVectorIcons.a */; };
		2C50B64F1E0AFE2400139916 /* libReactNativeConfig.a in Frameworks */ = {isa = PBXBuildFile; fileRef = A76513F328684D118EBB24CF /* libReactNativeConfig.a */; };
		2C50B6501E0AFE2400139916 /* libRNSound.a in Frameworks */ = {isa = PBXBuildFile; fileRef = 7CCC0FBC6B3B465BA448C220 /* libRNSound.a */; };
		2C50B6511E0AFE2400139916 /* libRNNetworkInfo.a in Frameworks */ = {isa = PBXBuildFile; fileRef = 51DACF56BB134FA9856C30AC /* libRNNetworkInfo.a */; };
		2C50B6521E0AFE2400139916 /* libRNKeychain.a in Frameworks */ = {isa = PBXBuildFile; fileRef = 2FD4D2947290407EB862F4B9 /* libRNKeychain.a */; };
		2C50B6531E0AFE2400139916 /* libRCTBEEPickerManager.a in Frameworks */ = {isa = PBXBuildFile; fileRef = 4DFC6E85675143DA822D95A2 /* libRCTBEEPickerManager.a */; };
		2C50B6541E0AFE2400139916 /* libRCTContacts.a in Frameworks */ = {isa = PBXBuildFile; fileRef = 3BE5E19F3D514D04A019FE7A /* libRCTContacts.a */; };
		2C50B6561E0AFE2400139916 /* Images.xcassets in Resources */ = {isa = PBXBuildFile; fileRef = 13B07FB51A68108700A75B9A /* Images.xcassets */; };
		2C50B6571E0AFE2400139916 /* alarm.wav in Resources */ = {isa = PBXBuildFile; fileRef = D7D2CB641DA084CE003C6E8E /* alarm.wav */; };
		2C50B6581E0AFE2400139916 /* Images.xcassets in Resources */ = {isa = PBXBuildFile; fileRef = D783A5B51DA06C4A0045F9B4 /* Images.xcassets */; };
		2C50B6591E0AFE2400139916 /* Entypo.ttf in Resources */ = {isa = PBXBuildFile; fileRef = 0FA5BA061FCE4E84AAFC2997 /* Entypo.ttf */; };
		2C50B65A1E0AFE2400139916 /* EvilIcons.ttf in Resources */ = {isa = PBXBuildFile; fileRef = 2B0C31AFCE7449B2A081FAE0 /* EvilIcons.ttf */; };
		2C50B65B1E0AFE2400139916 /* FontAwesome.ttf in Resources */ = {isa = PBXBuildFile; fileRef = 5EF01555A02E4631A4E836BA /* FontAwesome.ttf */; };
		2C50B65C1E0AFE2400139916 /* Foundation.ttf in Resources */ = {isa = PBXBuildFile; fileRef = E8B1E1382F924C7FA64F5444 /* Foundation.ttf */; };
		2C50B65D1E0AFE2400139916 /* Ionicons.ttf in Resources */ = {isa = PBXBuildFile; fileRef = 1EEB2C4809804935A4A8DDE2 /* Ionicons.ttf */; };
		2C50B65E1E0AFE2400139916 /* success.mp3 in Resources */ = {isa = PBXBuildFile; fileRef = D7D2CB661DA084CE003C6E8E /* success.mp3 */; };
		2C50B65F1E0AFE2400139916 /* silence.wav in Resources */ = {isa = PBXBuildFile; fileRef = CD4183271DF78DDE00648EBA /* silence.wav */; };
		2C50B6601E0AFE2400139916 /* MaterialIcons.ttf in Resources */ = {isa = PBXBuildFile; fileRef = 809B79B4724A441CBC23CA8E /* MaterialIcons.ttf */; };
		2C50B6611E0AFE2400139916 /* Octicons.ttf in Resources */ = {isa = PBXBuildFile; fileRef = A68ED596FBFA41018781D2AF /* Octicons.ttf */; };
		2C50B6621E0AFE2400139916 /* Zocial.ttf in Resources */ = {isa = PBXBuildFile; fileRef = 61714AA8D52F4E02AFFC778B /* Zocial.ttf */; };
		4CD10DE31D91B3440050DB80 /* Provision.m in Sources */ = {isa = PBXBuildFile; fileRef = 4CD10DE21D91B3440050DB80 /* Provision.m */; };
		4CDFC1931D9425A100BD9B2C /* xxtea.c in Sources */ = {isa = PBXBuildFile; fileRef = 4CDFC1911D9425A100BD9B2C /* xxtea.c */; };
		4CDFC1A41D94297100BD9B2C /* libz.tbd in Frameworks */ = {isa = PBXBuildFile; fileRef = 4CDFC1A31D94297100BD9B2C /* libz.tbd */; };
		570EEA345DE340CCA2243474 /* libRNSound.a in Frameworks */ = {isa = PBXBuildFile; fileRef = 7CCC0FBC6B3B465BA448C220 /* libRNSound.a */; };
		628468C16EE94840BD9F5F6F /* libRNNetworkInfo.a in Frameworks */ = {isa = PBXBuildFile; fileRef = 51DACF56BB134FA9856C30AC /* libRNNetworkInfo.a */; };
		832341BD1AAA6AB300B99B32 /* libRCTText.a in Frameworks */ = {isa = PBXBuildFile; fileRef = 832341B51AAA6A8300B99B32 /* libRCTText.a */; };
		83EC7B7538B943C6B7847E0D /* Entypo.ttf in Resources */ = {isa = PBXBuildFile; fileRef = 0FA5BA061FCE4E84AAFC2997 /* Entypo.ttf */; };
		841242931FD847FF8BC6EAB2 /* Zocial.ttf in Resources */ = {isa = PBXBuildFile; fileRef = 61714AA8D52F4E02AFFC778B /* Zocial.ttf */; };
		9302F546B997406EA4953292 /* libRNKeychain.a in Frameworks */ = {isa = PBXBuildFile; fileRef = 2FD4D2947290407EB862F4B9 /* libRNKeychain.a */; };
		A1FEE3CE4CEB4DC39DF27DD5 /* libRCTBEEPickerManager.a in Frameworks */ = {isa = PBXBuildFile; fileRef = 4DFC6E85675143DA822D95A2 /* libRCTBEEPickerManager.a */; };
		B132597E685B4A62864D16D5 /* libRNDeviceInfo.a in Frameworks */ = {isa = PBXBuildFile; fileRef = 769EA8BC91934FA5BD880631 /* libRNDeviceInfo.a */; };
		B5C1408ACAF74C93A733C732 /* libRCTContacts.a in Frameworks */ = {isa = PBXBuildFile; fileRef = 3BE5E19F3D514D04A019FE7A /* libRCTContacts.a */; };
		BB30A8D18C8F4F02B3D19B65 /* Foundation.ttf in Resources */ = {isa = PBXBuildFile; fileRef = E8B1E1382F924C7FA64F5444 /* Foundation.ttf */; };
		CBA40B4E020A4A3C9EE2FC5B /* libRNI18n.a in Frameworks */ = {isa = PBXBuildFile; fileRef = F3D477719D7B4D3BA4A130FF /* libRNI18n.a */; };
		CD11D9EA1DF0CCBC00ED9C20 /* libART.a in Frameworks */ = {isa = PBXBuildFile; fileRef = CD11D9D41DF0CCB400ED9C20 /* libART.a */; };
		CD2DB46D1DF89D48005BBFD4 /* Volume.m in Sources */ = {isa = PBXBuildFile; fileRef = CD2DB46C1DF89D48005BBFD4 /* Volume.m */; };
		CD4183281DF78DDE00648EBA /* silence.wav in Resources */ = {isa = PBXBuildFile; fileRef = CD4183271DF78DDE00648EBA /* silence.wav */; };
		D5F178EF4F2846FFAC0E1F42 /* EvilIcons.ttf in Resources */ = {isa = PBXBuildFile; fileRef = 2B0C31AFCE7449B2A081FAE0 /* EvilIcons.ttf */; };
		D783A5B61DA06C4A0045F9B4 /* Images.xcassets in Resources */ = {isa = PBXBuildFile; fileRef = D783A5B51DA06C4A0045F9B4 /* Images.xcassets */; };
		D7D2CB671DA084CE003C6E8E /* alarm.wav in Resources */ = {isa = PBXBuildFile; fileRef = D7D2CB641DA084CE003C6E8E /* alarm.wav */; };
		D7D2CB691DA084CE003C6E8E /* success.mp3 in Resources */ = {isa = PBXBuildFile; fileRef = D7D2CB661DA084CE003C6E8E /* success.mp3 */; };
		D7F844E91D9E7202008B41A4 /* libRCTPushNotification.a in Frameworks */ = {isa = PBXBuildFile; fileRef = D7F844DE1D9E71ED008B41A4 /* libRCTPushNotification.a */; };
		EE17DE785C144030978A8556 /* Ionicons.ttf in Resources */ = {isa = PBXBuildFile; fileRef = 1EEB2C4809804935A4A8DDE2 /* Ionicons.ttf */; };
		F6BF0E8579E5406CBA13DB22 /* libReactNativeConfig.a in Frameworks */ = {isa = PBXBuildFile; fileRef = A76513F328684D118EBB24CF /* libReactNativeConfig.a */; };
		F935A98BB52942A2B3744448 /* MaterialIcons.ttf in Resources */ = {isa = PBXBuildFile; fileRef = 809B79B4724A441CBC23CA8E /* MaterialIcons.ttf */; };
/* End PBXBuildFile section */

/* Begin PBXContainerItemProxy section */
		00C302AB1ABCB8CE00DB3ED1 /* PBXContainerItemProxy */ = {
			isa = PBXContainerItemProxy;
			containerPortal = 00C302A71ABCB8CE00DB3ED1 /* RCTActionSheet.xcodeproj */;
			proxyType = 2;
			remoteGlobalIDString = 134814201AA4EA6300B7C361;
			remoteInfo = RCTActionSheet;
		};
		00C302B91ABCB90400DB3ED1 /* PBXContainerItemProxy */ = {
			isa = PBXContainerItemProxy;
			containerPortal = 00C302B51ABCB90400DB3ED1 /* RCTGeolocation.xcodeproj */;
			proxyType = 2;
			remoteGlobalIDString = 134814201AA4EA6300B7C361;
			remoteInfo = RCTGeolocation;
		};
		00C302BF1ABCB91800DB3ED1 /* PBXContainerItemProxy */ = {
			isa = PBXContainerItemProxy;
			containerPortal = 00C302BB1ABCB91800DB3ED1 /* RCTImage.xcodeproj */;
			proxyType = 2;
			remoteGlobalIDString = 58B5115D1A9E6B3D00147676;
			remoteInfo = RCTImage;
		};
		00C302DB1ABCB9D200DB3ED1 /* PBXContainerItemProxy */ = {
			isa = PBXContainerItemProxy;
			containerPortal = 00C302D31ABCB9D200DB3ED1 /* RCTNetwork.xcodeproj */;
			proxyType = 2;
			remoteGlobalIDString = 58B511DB1A9E6C8500147676;
			remoteInfo = RCTNetwork;
		};
		00C302E31ABCB9EE00DB3ED1 /* PBXContainerItemProxy */ = {
			isa = PBXContainerItemProxy;
			containerPortal = 00C302DF1ABCB9EE00DB3ED1 /* RCTVibration.xcodeproj */;
			proxyType = 2;
			remoteGlobalIDString = 832C81801AAF6DEF007FA2F7;
			remoteInfo = RCTVibration;
		};
		00E356F41AD99517003FC87E /* PBXContainerItemProxy */ = {
			isa = PBXContainerItemProxy;
			containerPortal = 83CBB9F71A601CBA00E9B192 /* Project object */;
			proxyType = 1;
			remoteGlobalIDString = 13B07F861A680F5B00A75B9A;
			remoteInfo = ReactRoost;
		};
		139105C01AF99BAD00B5F7CC /* PBXContainerItemProxy */ = {
			isa = PBXContainerItemProxy;
			containerPortal = 139105B61AF99BAD00B5F7CC /* RCTSettings.xcodeproj */;
			proxyType = 2;
			remoteGlobalIDString = 134814201AA4EA6300B7C361;
			remoteInfo = RCTSettings;
		};
		139FDEF31B06529B00C62182 /* PBXContainerItemProxy */ = {
			isa = PBXContainerItemProxy;
			containerPortal = 139FDEE61B06529A00C62182 /* RCTWebSocket.xcodeproj */;
			proxyType = 2;
			remoteGlobalIDString = 3C86DF461ADF2C930047B81A;
			remoteInfo = RCTWebSocket;
		};
		146834031AC3E56700842450 /* PBXContainerItemProxy */ = {
			isa = PBXContainerItemProxy;
			containerPortal = 146833FF1AC3E56700842450 /* React.xcodeproj */;
			proxyType = 2;
			remoteGlobalIDString = 83CBBA2E1A601D0E00E9B192;
			remoteInfo = React;
		};
		4C45E70B1DB01FF5004442E3 /* PBXContainerItemProxy */ = {
			isa = PBXContainerItemProxy;
			containerPortal = 5C6DE125AD2A4958A6CD865E /* RNNetworkInfo.xcodeproj */;
			proxyType = 2;
			remoteGlobalIDString = 045BEB3C1B52EA6A0013C1B9;
			remoteInfo = RNNetworkInfo;
		};
		4C56B3BD1DB6B58400785A57 /* PBXContainerItemProxy */ = {
			isa = PBXContainerItemProxy;
			containerPortal = 31183CE7FFB046AA935C7212 /* RNKeychain.xcodeproj */;
			proxyType = 2;
			remoteGlobalIDString = 5D82366F1B0CE05B005A9EF3;
			remoteInfo = RNKeychain;
		};
		4CDFC1C41D94344500BD9B2C /* PBXContainerItemProxy */ = {
			isa = PBXContainerItemProxy;
			containerPortal = C26B00CC716B4AD8A9C0D518 /* RNSound.xcodeproj */;
			proxyType = 2;
			remoteGlobalIDString = 19825A1E1BD4A89800EE0337;
			remoteInfo = RNSound;
		};
		4CDFC1E11D9439E100BD9B2C /* PBXContainerItemProxy */ = {
			isa = PBXContainerItemProxy;
			containerPortal = 05C298D7354345F5B37D7A9D /* ReactNativeConfig.xcodeproj */;
			proxyType = 2;
			remoteGlobalIDString = EB2648DF1C7BE17A00B8F155;
			remoteInfo = ReactNativeConfig;
		};
		78C398B81ACF4ADC00677621 /* PBXContainerItemProxy */ = {
			isa = PBXContainerItemProxy;
			containerPortal = 78C398B01ACF4ADC00677621 /* RCTLinking.xcodeproj */;
			proxyType = 2;
			remoteGlobalIDString = 134814201AA4EA6300B7C361;
			remoteInfo = RCTLinking;
		};
		832341B41AAA6A8300B99B32 /* PBXContainerItemProxy */ = {
			isa = PBXContainerItemProxy;
			containerPortal = 832341B01AAA6A8300B99B32 /* RCTText.xcodeproj */;
			proxyType = 2;
			remoteGlobalIDString = 58B5119B1A9E6C1200147676;
			remoteInfo = RCTText;
		};
		CD11D9D31DF0CCB400ED9C20 /* PBXContainerItemProxy */ = {
			isa = PBXContainerItemProxy;
			containerPortal = CD11D9CF1DF0CCB400ED9C20 /* ART.xcodeproj */;
			proxyType = 2;
			remoteGlobalIDString = 0CF68AC11AF0540F00FF9E5C;
			remoteInfo = ART;
		};
		CD75E3621DDA0940004F4379 /* PBXContainerItemProxy */ = {
			isa = PBXContainerItemProxy;
			containerPortal = 1BB05525640F4158BA1DFA3A /* RCTBEEPickerManager.xcodeproj */;
			proxyType = 2;
			remoteGlobalIDString = 17D41E551D7EE0CA0031415E;
			remoteInfo = RCTBEEPickerManager;
		};
		CD75E38E1DDA0E3D004F4379 /* PBXContainerItemProxy */ = {
			isa = PBXContainerItemProxy;
			containerPortal = 8965385A220A4225A21DE450 /* RCTContacts.xcodeproj */;
			proxyType = 2;
			remoteGlobalIDString = 1441618E1BD0A79300FA4F59;
			remoteInfo = RCTContacts;
		};
		CDFF06B71D809559007300F6 /* PBXContainerItemProxy */ = {
			isa = PBXContainerItemProxy;
			containerPortal = D909C9A9A0C74D21BAAA3BF8 /* RNDeviceInfo.xcodeproj */;
			proxyType = 2;
			remoteGlobalIDString = DA5891D81BA9A9FC002B4DB2;
			remoteInfo = RNDeviceInfo;
		};
		CDFF06BB1D809559007300F6 /* PBXContainerItemProxy */ = {
			isa = PBXContainerItemProxy;
			containerPortal = 458929812BAE43EFB85068A6 /* RNI18n.xcodeproj */;
			proxyType = 2;
			remoteGlobalIDString = CDD7BF781B2D5125006FDA75;
			remoteInfo = RNI18n;
		};
		CDFF06BD1D809559007300F6 /* PBXContainerItemProxy */ = {
			isa = PBXContainerItemProxy;
			containerPortal = 458929812BAE43EFB85068A6 /* RNI18n.xcodeproj */;
			proxyType = 2;
			remoteGlobalIDString = CDD7BF831B2D5126006FDA75;
			remoteInfo = RNI18nTests;
		};
		CDFF06C01D809559007300F6 /* PBXContainerItemProxy */ = {
			isa = PBXContainerItemProxy;
			containerPortal = 64A36AE707F74207A93367BE /* RNVectorIcons.xcodeproj */;
			proxyType = 2;
			remoteGlobalIDString = 5DBEB1501B18CEA900B34395;
			remoteInfo = RNVectorIcons;
		};
		D7F844DD1D9E71ED008B41A4 /* PBXContainerItemProxy */ = {
			isa = PBXContainerItemProxy;
			containerPortal = D7F844D41D9E71ED008B41A4 /* RCTPushNotification.xcodeproj */;
			proxyType = 2;
			remoteGlobalIDString = 134814201AA4EA6300B7C361;
			remoteInfo = RCTPushNotification;
		};
/* End PBXContainerItemProxy section */

/* Begin PBXFileReference section */
		008F07F21AC5B25A0029DE68 /* main.jsbundle */ = {isa = PBXFileReference; fileEncoding = 4; lastKnownFileType = text; path = main.jsbundle; sourceTree = "<group>"; };
		00C302A71ABCB8CE00DB3ED1 /* RCTActionSheet.xcodeproj */ = {isa = PBXFileReference; lastKnownFileType = "wrapper.pb-project"; name = RCTActionSheet.xcodeproj; path = "../node_modules/react-native/Libraries/ActionSheetIOS/RCTActionSheet.xcodeproj"; sourceTree = "<group>"; };
		00C302B51ABCB90400DB3ED1 /* RCTGeolocation.xcodeproj */ = {isa = PBXFileReference; lastKnownFileType = "wrapper.pb-project"; name = RCTGeolocation.xcodeproj; path = "../node_modules/react-native/Libraries/Geolocation/RCTGeolocation.xcodeproj"; sourceTree = "<group>"; };
		00C302BB1ABCB91800DB3ED1 /* RCTImage.xcodeproj */ = {isa = PBXFileReference; lastKnownFileType = "wrapper.pb-project"; name = RCTImage.xcodeproj; path = "../node_modules/react-native/Libraries/Image/RCTImage.xcodeproj"; sourceTree = "<group>"; };
		00C302D31ABCB9D200DB3ED1 /* RCTNetwork.xcodeproj */ = {isa = PBXFileReference; lastKnownFileType = "wrapper.pb-project"; name = RCTNetwork.xcodeproj; path = "../node_modules/react-native/Libraries/Network/RCTNetwork.xcodeproj"; sourceTree = "<group>"; };
		00C302DF1ABCB9EE00DB3ED1 /* RCTVibration.xcodeproj */ = {isa = PBXFileReference; lastKnownFileType = "wrapper.pb-project"; name = RCTVibration.xcodeproj; path = "../node_modules/react-native/Libraries/Vibration/RCTVibration.xcodeproj"; sourceTree = "<group>"; };
		00E356EE1AD99517003FC87E /* ReactRoostTests.xctest */ = {isa = PBXFileReference; explicitFileType = wrapper.cfbundle; includeInIndex = 0; path = ReactRoostTests.xctest; sourceTree = BUILT_PRODUCTS_DIR; };
		00E356F11AD99517003FC87E /* Info.plist */ = {isa = PBXFileReference; lastKnownFileType = text.plist.xml; path = Info.plist; sourceTree = "<group>"; };
		00E356F21AD99517003FC87E /* ReactRoostTests.m */ = {isa = PBXFileReference; lastKnownFileType = sourcecode.c.objc; path = ReactRoostTests.m; sourceTree = "<group>"; };
		05C298D7354345F5B37D7A9D /* ReactNativeConfig.xcodeproj */ = {isa = PBXFileReference; explicitFileType = undefined; fileEncoding = 9; includeInIndex = 0; lastKnownFileType = "wrapper.pb-project"; name = ReactNativeConfig.xcodeproj; path = "../node_modules/react-native-config/ios/ReactNativeConfig.xcodeproj"; sourceTree = "<group>"; };
		0B1FE639EB7B4B6BB0CC1793 /* libRNVectorIcons.a */ = {isa = PBXFileReference; explicitFileType = undefined; fileEncoding = 9; includeInIndex = 0; lastKnownFileType = archive.ar; path = libRNVectorIcons.a; sourceTree = "<group>"; };
		0FA5BA061FCE4E84AAFC2997 /* Entypo.ttf */ = {isa = PBXFileReference; explicitFileType = undefined; fileEncoding = 9; includeInIndex = 0; lastKnownFileType = unknown; name = Entypo.ttf; path = "../node_modules/react-native-vector-icons/Fonts/Entypo.ttf"; sourceTree = "<group>"; };
		139105B61AF99BAD00B5F7CC /* RCTSettings.xcodeproj */ = {isa = PBXFileReference; lastKnownFileType = "wrapper.pb-project"; name = RCTSettings.xcodeproj; path = "../node_modules/react-native/Libraries/Settings/RCTSettings.xcodeproj"; sourceTree = "<group>"; };
		139FDEE61B06529A00C62182 /* RCTWebSocket.xcodeproj */ = {isa = PBXFileReference; lastKnownFileType = "wrapper.pb-project"; name = RCTWebSocket.xcodeproj; path = "../node_modules/react-native/Libraries/WebSocket/RCTWebSocket.xcodeproj"; sourceTree = "<group>"; };
		13B07F961A680F5B00A75B9A /* ReactRoost.app */ = {isa = PBXFileReference; explicitFileType = wrapper.application; includeInIndex = 0; path = ReactRoost.app; sourceTree = BUILT_PRODUCTS_DIR; };
		13B07FAF1A68108700A75B9A /* AppDelegate.h */ = {isa = PBXFileReference; fileEncoding = 4; lastKnownFileType = sourcecode.c.h; name = AppDelegate.h; path = ReactRoost/AppDelegate.h; sourceTree = "<group>"; };
		13B07FB01A68108700A75B9A /* AppDelegate.m */ = {isa = PBXFileReference; fileEncoding = 4; lastKnownFileType = sourcecode.c.objc; name = AppDelegate.m; path = ReactRoost/AppDelegate.m; sourceTree = "<group>"; };
		13B07FB51A68108700A75B9A /* Images.xcassets */ = {isa = PBXFileReference; lastKnownFileType = folder.assetcatalog; name = Images.xcassets; path = ReactRoost/Images.xcassets; sourceTree = "<group>"; };
		13B07FB61A68108700A75B9A /* Info.plist */ = {isa = PBXFileReference; fileEncoding = 4; lastKnownFileType = text.plist.xml; name = Info.plist; path = ReactRoost/Info.plist; sourceTree = "<group>"; };
		13B07FB71A68108700A75B9A /* main.m */ = {isa = PBXFileReference; fileEncoding = 4; lastKnownFileType = sourcecode.c.objc; name = main.m; path = ReactRoost/main.m; sourceTree = "<group>"; };
		146833FF1AC3E56700842450 /* React.xcodeproj */ = {isa = PBXFileReference; lastKnownFileType = "wrapper.pb-project"; name = React.xcodeproj; path = "../node_modules/react-native/React/React.xcodeproj"; sourceTree = "<group>"; };
		1BB05525640F4158BA1DFA3A /* RCTBEEPickerManager.xcodeproj */ = {isa = PBXFileReference; explicitFileType = undefined; fileEncoding = 9; includeInIndex = 0; lastKnownFileType = "wrapper.pb-project"; name = RCTBEEPickerManager.xcodeproj; path = "../node_modules/react-native-picker/ios/RCTBEEPickerManager.xcodeproj"; sourceTree = "<group>"; };
		1EEB2C4809804935A4A8DDE2 /* Ionicons.ttf */ = {isa = PBXFileReference; explicitFileType = undefined; fileEncoding = 9; includeInIndex = 0; lastKnownFileType = unknown; name = Ionicons.ttf; path = "../node_modules/react-native-vector-icons/Fonts/Ionicons.ttf"; sourceTree = "<group>"; };
		2B0C31AFCE7449B2A081FAE0 /* EvilIcons.ttf */ = {isa = PBXFileReference; explicitFileType = undefined; fileEncoding = 9; includeInIndex = 0; lastKnownFileType = unknown; name = EvilIcons.ttf; path = "../node_modules/react-native-vector-icons/Fonts/EvilIcons.ttf"; sourceTree = "<group>"; };
		2C50B6671E0AFE2400139916 /* ReactRoost-Prod.app */ = {isa = PBXFileReference; explicitFileType = wrapper.application; includeInIndex = 0; path = "ReactRoost-Prod.app"; sourceTree = BUILT_PRODUCTS_DIR; };
		2C50B6681E0AFE2500139916 /* ReactRoost copy-Info.plist */ = {isa = PBXFileReference; lastKnownFileType = text.plist.xml; name = "ReactRoost copy-Info.plist"; path = "/Users/yami/reactroost/ios/ReactRoost copy-Info.plist"; sourceTree = "<absolute>"; };
		2FD4D2947290407EB862F4B9 /* libRNKeychain.a */ = {isa = PBXFileReference; explicitFileType = undefined; fileEncoding = 9; includeInIndex = 0; lastKnownFileType = archive.ar; path = libRNKeychain.a; sourceTree = "<group>"; };
		31183CE7FFB046AA935C7212 /* RNKeychain.xcodeproj */ = {isa = PBXFileReference; explicitFileType = undefined; fileEncoding = 9; includeInIndex = 0; lastKnownFileType = "wrapper.pb-project"; name = RNKeychain.xcodeproj; path = "../node_modules/react-native-keychain/RNKeychain.xcodeproj"; sourceTree = "<group>"; };
		3BE5E19F3D514D04A019FE7A /* libRCTContacts.a */ = {isa = PBXFileReference; explicitFileType = undefined; fileEncoding = 9; includeInIndex = 0; lastKnownFileType = archive.ar; path = libRCTContacts.a; sourceTree = "<group>"; };
		458929812BAE43EFB85068A6 /* RNI18n.xcodeproj */ = {isa = PBXFileReference; explicitFileType = undefined; fileEncoding = 9; includeInIndex = 0; lastKnownFileType = "wrapper.pb-project"; name = RNI18n.xcodeproj; path = "../node_modules/react-native-i18n/RNI18n.xcodeproj"; sourceTree = "<group>"; };
		4CD10DE11D91B3440050DB80 /* Provision.h */ = {isa = PBXFileReference; fileEncoding = 4; lastKnownFileType = sourcecode.c.h; path = Provision.h; sourceTree = "<group>"; };
		4CD10DE21D91B3440050DB80 /* Provision.m */ = {isa = PBXFileReference; fileEncoding = 4; lastKnownFileType = sourcecode.c.objc; path = Provision.m; sourceTree = "<group>"; };
		4CDFC1911D9425A100BD9B2C /* xxtea.c */ = {isa = PBXFileReference; fileEncoding = 4; lastKnownFileType = sourcecode.c.c; name = xxtea.c; path = ReactRoost/xxtea.c; sourceTree = "<group>"; };
		4CDFC1921D9425A100BD9B2C /* xxtea.h */ = {isa = PBXFileReference; fileEncoding = 4; lastKnownFileType = sourcecode.c.h; name = xxtea.h; path = ReactRoost/xxtea.h; sourceTree = "<group>"; };
		4CDFC1A31D94297100BD9B2C /* libz.tbd */ = {isa = PBXFileReference; lastKnownFileType = "sourcecode.text-based-dylib-definition"; name = libz.tbd; path = usr/lib/libz.tbd; sourceTree = SDKROOT; };
		4DFC6E85675143DA822D95A2 /* libRCTBEEPickerManager.a */ = {isa = PBXFileReference; explicitFileType = undefined; fileEncoding = 9; includeInIndex = 0; lastKnownFileType = archive.ar; path = libRCTBEEPickerManager.a; sourceTree = "<group>"; };
		51DACF56BB134FA9856C30AC /* libRNNetworkInfo.a */ = {isa = PBXFileReference; explicitFileType = undefined; fileEncoding = 9; includeInIndex = 0; lastKnownFileType = archive.ar; path = libRNNetworkInfo.a; sourceTree = "<group>"; };
		5C6DE125AD2A4958A6CD865E /* RNNetworkInfo.xcodeproj */ = {isa = PBXFileReference; explicitFileType = undefined; fileEncoding = 9; includeInIndex = 0; lastKnownFileType = "wrapper.pb-project"; name = RNNetworkInfo.xcodeproj; path = "../node_modules/react-native-network-info/ios/RNNetworkInfo.xcodeproj"; sourceTree = "<group>"; };
		5EF01555A02E4631A4E836BA /* FontAwesome.ttf */ = {isa = PBXFileReference; explicitFileType = undefined; fileEncoding = 9; includeInIndex = 0; lastKnownFileType = unknown; name = FontAwesome.ttf; path = "../node_modules/react-native-vector-icons/Fonts/FontAwesome.ttf"; sourceTree = "<group>"; };
		61714AA8D52F4E02AFFC778B /* Zocial.ttf */ = {isa = PBXFileReference; explicitFileType = undefined; fileEncoding = 9; includeInIndex = 0; lastKnownFileType = unknown; name = Zocial.ttf; path = "../node_modules/react-native-vector-icons/Fonts/Zocial.ttf"; sourceTree = "<group>"; };
		64A36AE707F74207A93367BE /* RNVectorIcons.xcodeproj */ = {isa = PBXFileReference; explicitFileType = undefined; fileEncoding = 9; includeInIndex = 0; lastKnownFileType = "wrapper.pb-project"; name = RNVectorIcons.xcodeproj; path = "../node_modules/react-native-vector-icons/RNVectorIcons.xcodeproj"; sourceTree = "<group>"; };
		769EA8BC91934FA5BD880631 /* libRNDeviceInfo.a */ = {isa = PBXFileReference; explicitFileType = undefined; fileEncoding = 9; includeInIndex = 0; lastKnownFileType = archive.ar; path = libRNDeviceInfo.a; sourceTree = "<group>"; };
		78C398B01ACF4ADC00677621 /* RCTLinking.xcodeproj */ = {isa = PBXFileReference; lastKnownFileType = "wrapper.pb-project"; name = RCTLinking.xcodeproj; path = "../node_modules/react-native/Libraries/LinkingIOS/RCTLinking.xcodeproj"; sourceTree = "<group>"; };
		7CCC0FBC6B3B465BA448C220 /* libRNSound.a */ = {isa = PBXFileReference; explicitFileType = undefined; fileEncoding = 9; includeInIndex = 0; lastKnownFileType = archive.ar; path = libRNSound.a; sourceTree = "<group>"; };
		809B79B4724A441CBC23CA8E /* MaterialIcons.ttf */ = {isa = PBXFileReference; explicitFileType = undefined; fileEncoding = 9; includeInIndex = 0; lastKnownFileType = unknown; name = MaterialIcons.ttf; path = "../node_modules/react-native-vector-icons/Fonts/MaterialIcons.ttf"; sourceTree = "<group>"; };
		832341B01AAA6A8300B99B32 /* RCTText.xcodeproj */ = {isa = PBXFileReference; lastKnownFileType = "wrapper.pb-project"; name = RCTText.xcodeproj; path = "../node_modules/react-native/Libraries/Text/RCTText.xcodeproj"; sourceTree = "<group>"; };
		8965385A220A4225A21DE450 /* RCTContacts.xcodeproj */ = {isa = PBXFileReference; explicitFileType = undefined; fileEncoding = 9; includeInIndex = 0; lastKnownFileType = "wrapper.pb-project"; name = RCTContacts.xcodeproj; path = "../node_modules/react-native-contacts/ios/RCTContacts.xcodeproj"; sourceTree = "<group>"; };
		A68ED596FBFA41018781D2AF /* Octicons.ttf */ = {isa = PBXFileReference; explicitFileType = undefined; fileEncoding = 9; includeInIndex = 0; lastKnownFileType = unknown; name = Octicons.ttf; path = "../node_modules/react-native-vector-icons/Fonts/Octicons.ttf"; sourceTree = "<group>"; };
		A76513F328684D118EBB24CF /* libReactNativeConfig.a */ = {isa = PBXFileReference; explicitFileType = undefined; fileEncoding = 9; includeInIndex = 0; lastKnownFileType = archive.ar; path = libReactNativeConfig.a; sourceTree = "<group>"; };
		C26B00CC716B4AD8A9C0D518 /* RNSound.xcodeproj */ = {isa = PBXFileReference; explicitFileType = undefined; fileEncoding = 9; includeInIndex = 0; lastKnownFileType = "wrapper.pb-project"; name = RNSound.xcodeproj; path = "../node_modules/react-native-sound/RNSound.xcodeproj"; sourceTree = "<group>"; };
		CD11D9CF1DF0CCB400ED9C20 /* ART.xcodeproj */ = {isa = PBXFileReference; lastKnownFileType = "wrapper.pb-project"; name = ART.xcodeproj; path = "../node_modules/react-native/Libraries/ART/ART.xcodeproj"; sourceTree = "<group>"; };
		CD2DB4551DF89D29005BBFD4 /* Volume.h */ = {isa = PBXFileReference; lastKnownFileType = sourcecode.c.h; path = Volume.h; sourceTree = "<group>"; };
		CD2DB46C1DF89D48005BBFD4 /* Volume.m */ = {isa = PBXFileReference; fileEncoding = 4; lastKnownFileType = sourcecode.c.objc; path = Volume.m; sourceTree = "<group>"; };
		CD4183271DF78DDE00648EBA /* silence.wav */ = {isa = PBXFileReference; lastKnownFileType = audio.wav; path = silence.wav; sourceTree = "<group>"; };
		D70B02C91DA4829F00F91D4F /* ReactRoost.entitlements */ = {isa = PBXFileReference; lastKnownFileType = text.plist.entitlements; name = ReactRoost.entitlements; path = ReactRoost/ReactRoost.entitlements; sourceTree = "<group>"; };
		D783A5B51DA06C4A0045F9B4 /* Images.xcassets */ = {isa = PBXFileReference; lastKnownFileType = folder.assetcatalog; name = Images.xcassets; path = ReactRoost/Images.xcassets; sourceTree = "<group>"; };
		D7D2CB641DA084CE003C6E8E /* alarm.wav */ = {isa = PBXFileReference; lastKnownFileType = audio.wav; path = alarm.wav; sourceTree = "<group>"; };
		D7D2CB661DA084CE003C6E8E /* success.mp3 */ = {isa = PBXFileReference; lastKnownFileType = audio.mp3; path = success.mp3; sourceTree = "<group>"; };
		D7F844D41D9E71ED008B41A4 /* RCTPushNotification.xcodeproj */ = {isa = PBXFileReference; lastKnownFileType = "wrapper.pb-project"; name = RCTPushNotification.xcodeproj; path = "../node_modules/react-native/Libraries/PushNotificationIOS/RCTPushNotification.xcodeproj"; sourceTree = "<group>"; };
		D909C9A9A0C74D21BAAA3BF8 /* RNDeviceInfo.xcodeproj */ = {isa = PBXFileReference; explicitFileType = undefined; fileEncoding = 9; includeInIndex = 0; lastKnownFileType = "wrapper.pb-project"; name = RNDeviceInfo.xcodeproj; path = "../node_modules/react-native-device-info/RNDeviceInfo.xcodeproj"; sourceTree = "<group>"; };
		E8B1E1382F924C7FA64F5444 /* Foundation.ttf */ = {isa = PBXFileReference; explicitFileType = undefined; fileEncoding = 9; includeInIndex = 0; lastKnownFileType = unknown; name = Foundation.ttf; path = "../node_modules/react-native-vector-icons/Fonts/Foundation.ttf"; sourceTree = "<group>"; };
		F3D477719D7B4D3BA4A130FF /* libRNI18n.a */ = {isa = PBXFileReference; explicitFileType = undefined; fileEncoding = 9; includeInIndex = 0; lastKnownFileType = archive.ar; path = libRNI18n.a; sourceTree = "<group>"; };
/* End PBXFileReference section */

/* Begin PBXFrameworksBuildPhase section */
		00E356EB1AD99517003FC87E /* Frameworks */ = {
			isa = PBXFrameworksBuildPhase;
			buildActionMask = 2147483647;
			files = (
				140ED2AC1D01E1AD002B40FF /* libReact.a in Frameworks */,
			);
			runOnlyForDeploymentPostprocessing = 0;
		};
		13B07F8C1A680F5B00A75B9A /* Frameworks */ = {
			isa = PBXFrameworksBuildPhase;
			buildActionMask = 2147483647;
			files = (
				CD11D9EA1DF0CCBC00ED9C20 /* libART.a in Frameworks */,
				4CDFC1A41D94297100BD9B2C /* libz.tbd in Frameworks */,
				D7F844E91D9E7202008B41A4 /* libRCTPushNotification.a in Frameworks */,
				146834051AC3E58100842450 /* libReact.a in Frameworks */,
				00C302E51ABCBA2D00DB3ED1 /* libRCTActionSheet.a in Frameworks */,
				00C302E71ABCBA2D00DB3ED1 /* libRCTGeolocation.a in Frameworks */,
				00C302E81ABCBA2D00DB3ED1 /* libRCTImage.a in Frameworks */,
				133E29F31AD74F7200F7D852 /* libRCTLinking.a in Frameworks */,
				00C302E91ABCBA2D00DB3ED1 /* libRCTNetwork.a in Frameworks */,
				139105C61AF99C1200B5F7CC /* libRCTSettings.a in Frameworks */,
				832341BD1AAA6AB300B99B32 /* libRCTText.a in Frameworks */,
				00C302EA1ABCBA2D00DB3ED1 /* libRCTVibration.a in Frameworks */,
				139FDEF61B0652A700C62182 /* libRCTWebSocket.a in Frameworks */,
				B132597E685B4A62864D16D5 /* libRNDeviceInfo.a in Frameworks */,
				CBA40B4E020A4A3C9EE2FC5B /* libRNI18n.a in Frameworks */,
				03FDA4F9F02846A49C158A89 /* libRNVectorIcons.a in Frameworks */,
				F6BF0E8579E5406CBA13DB22 /* libReactNativeConfig.a in Frameworks */,
				570EEA345DE340CCA2243474 /* libRNSound.a in Frameworks */,
				628468C16EE94840BD9F5F6F /* libRNNetworkInfo.a in Frameworks */,
				9302F546B997406EA4953292 /* libRNKeychain.a in Frameworks */,
				A1FEE3CE4CEB4DC39DF27DD5 /* libRCTBEEPickerManager.a in Frameworks */,
				B5C1408ACAF74C93A733C732 /* libRCTContacts.a in Frameworks */,
			);
			runOnlyForDeploymentPostprocessing = 0;
		};
		2C50B63E1E0AFE2400139916 /* Frameworks */ = {
			isa = PBXFrameworksBuildPhase;
			buildActionMask = 2147483647;
			files = (
				2C50B63F1E0AFE2400139916 /* libART.a in Frameworks */,
				2C50B6401E0AFE2400139916 /* libz.tbd in Frameworks */,
				2C50B6411E0AFE2400139916 /* libRCTPushNotification.a in Frameworks */,
				2C50B6421E0AFE2400139916 /* libReact.a in Frameworks */,
				2C50B6431E0AFE2400139916 /* libRCTActionSheet.a in Frameworks */,
				2C50B6441E0AFE2400139916 /* libRCTGeolocation.a in Frameworks */,
				2C50B6451E0AFE2400139916 /* libRCTImage.a in Frameworks */,
				2C50B6461E0AFE2400139916 /* libRCTLinking.a in Frameworks */,
				2C50B6471E0AFE2400139916 /* libRCTNetwork.a in Frameworks */,
				2C50B6481E0AFE2400139916 /* libRCTSettings.a in Frameworks */,
				2C50B6491E0AFE2400139916 /* libRCTText.a in Frameworks */,
				2C50B64A1E0AFE2400139916 /* libRCTVibration.a in Frameworks */,
				2C50B64B1E0AFE2400139916 /* libRCTWebSocket.a in Frameworks */,
				2C50B64C1E0AFE2400139916 /* libRNDeviceInfo.a in Frameworks */,
				2C50B64D1E0AFE2400139916 /* libRNI18n.a in Frameworks */,
				2C50B64E1E0AFE2400139916 /* libRNVectorIcons.a in Frameworks */,
				2C50B64F1E0AFE2400139916 /* libReactNativeConfig.a in Frameworks */,
				2C50B6501E0AFE2400139916 /* libRNSound.a in Frameworks */,
				2C50B6511E0AFE2400139916 /* libRNNetworkInfo.a in Frameworks */,
				2C50B6521E0AFE2400139916 /* libRNKeychain.a in Frameworks */,
				2C50B6531E0AFE2400139916 /* libRCTBEEPickerManager.a in Frameworks */,
				2C50B6541E0AFE2400139916 /* libRCTContacts.a in Frameworks */,
			);
			runOnlyForDeploymentPostprocessing = 0;
		};
/* End PBXFrameworksBuildPhase section */

/* Begin PBXGroup section */
		00C302A81ABCB8CE00DB3ED1 /* Products */ = {
			isa = PBXGroup;
			children = (
				00C302AC1ABCB8CE00DB3ED1 /* libRCTActionSheet.a */,
			);
			name = Products;
			sourceTree = "<group>";
		};
		00C302B61ABCB90400DB3ED1 /* Products */ = {
			isa = PBXGroup;
			children = (
				00C302BA1ABCB90400DB3ED1 /* libRCTGeolocation.a */,
			);
			name = Products;
			sourceTree = "<group>";
		};
		00C302BC1ABCB91800DB3ED1 /* Products */ = {
			isa = PBXGroup;
			children = (
				00C302C01ABCB91800DB3ED1 /* libRCTImage.a */,
			);
			name = Products;
			sourceTree = "<group>";
		};
		00C302D41ABCB9D200DB3ED1 /* Products */ = {
			isa = PBXGroup;
			children = (
				00C302DC1ABCB9D200DB3ED1 /* libRCTNetwork.a */,
			);
			name = Products;
			sourceTree = "<group>";
		};
		00C302E01ABCB9EE00DB3ED1 /* Products */ = {
			isa = PBXGroup;
			children = (
				00C302E41ABCB9EE00DB3ED1 /* libRCTVibration.a */,
			);
			name = Products;
			sourceTree = "<group>";
		};
		00E356EF1AD99517003FC87E /* ReactRoostTests */ = {
			isa = PBXGroup;
			children = (
				00E356F21AD99517003FC87E /* ReactRoostTests.m */,
				00E356F01AD99517003FC87E /* Supporting Files */,
			);
			path = ReactRoostTests;
			sourceTree = "<group>";
		};
		00E356F01AD99517003FC87E /* Supporting Files */ = {
			isa = PBXGroup;
			children = (
				00E356F11AD99517003FC87E /* Info.plist */,
			);
			name = "Supporting Files";
			sourceTree = "<group>";
		};
		139105B71AF99BAD00B5F7CC /* Products */ = {
			isa = PBXGroup;
			children = (
				139105C11AF99BAD00B5F7CC /* libRCTSettings.a */,
			);
			name = Products;
			sourceTree = "<group>";
		};
		139FDEE71B06529A00C62182 /* Products */ = {
			isa = PBXGroup;
			children = (
				139FDEF41B06529B00C62182 /* libRCTWebSocket.a */,
			);
			name = Products;
			sourceTree = "<group>";
		};
		13B07FAE1A68108700A75B9A /* ReactRoost */ = {
			isa = PBXGroup;
			children = (
				D70B02C91DA4829F00F91D4F /* ReactRoost.entitlements */,
				008F07F21AC5B25A0029DE68 /* main.jsbundle */,
				13B07FAF1A68108700A75B9A /* AppDelegate.h */,
				13B07FB01A68108700A75B9A /* AppDelegate.m */,
				13B07FB51A68108700A75B9A /* Images.xcassets */,
				13B07FB61A68108700A75B9A /* Info.plist */,
				13B07FB71A68108700A75B9A /* main.m */,
				4CDFC1911D9425A100BD9B2C /* xxtea.c */,
				4CDFC1921D9425A100BD9B2C /* xxtea.h */,
				4CD10DE11D91B3440050DB80 /* Provision.h */,
				4CD10DE21D91B3440050DB80 /* Provision.m */,
				CD2DB4551DF89D29005BBFD4 /* Volume.h */,
				CD2DB46C1DF89D48005BBFD4 /* Volume.m */,
			);
			name = ReactRoost;
			sourceTree = "<group>";
		};
		146834001AC3E56700842450 /* Products */ = {
			isa = PBXGroup;
			children = (
				146834041AC3E56700842450 /* libReact.a */,
			);
			name = Products;
			sourceTree = "<group>";
		};
		4C45E6F91DB01FF3004442E3 /* Products */ = {
			isa = PBXGroup;
			children = (
				4C45E70C1DB01FF5004442E3 /* libRNNetworkInfo.a */,
			);
			name = Products;
			sourceTree = "<group>";
		};
		4C56B3AB1DB6B58400785A57 /* Products */ = {
			isa = PBXGroup;
			children = (
				4C56B3BE1DB6B58400785A57 /* libRNKeychain.a */,
			);
			name = Products;
			sourceTree = "<group>";
		};
		4CDFC1B31D94344500BD9B2C /* Products */ = {
			isa = PBXGroup;
			children = (
				4CDFC1C51D94344500BD9B2C /* libRNSound.a */,
			);
			name = Products;
			sourceTree = "<group>";
		};
		4CDFC1D41D9439E100BD9B2C /* Products */ = {
			isa = PBXGroup;
			children = (
				4CDFC1E21D9439E100BD9B2C /* libReactNativeConfig.a */,
			);
			name = Products;
			sourceTree = "<group>";
		};
		78C398B11ACF4ADC00677621 /* Products */ = {
			isa = PBXGroup;
			children = (
				78C398B91ACF4ADC00677621 /* libRCTLinking.a */,
			);
			name = Products;
			sourceTree = "<group>";
		};
		832341AE1AAA6A7D00B99B32 /* Libraries */ = {
			isa = PBXGroup;
			children = (
				CD11D9CF1DF0CCB400ED9C20 /* ART.xcodeproj */,
				D7F844D41D9E71ED008B41A4 /* RCTPushNotification.xcodeproj */,
				146833FF1AC3E56700842450 /* React.xcodeproj */,
				00C302A71ABCB8CE00DB3ED1 /* RCTActionSheet.xcodeproj */,
				00C302B51ABCB90400DB3ED1 /* RCTGeolocation.xcodeproj */,
				00C302BB1ABCB91800DB3ED1 /* RCTImage.xcodeproj */,
				78C398B01ACF4ADC00677621 /* RCTLinking.xcodeproj */,
				00C302D31ABCB9D200DB3ED1 /* RCTNetwork.xcodeproj */,
				139105B61AF99BAD00B5F7CC /* RCTSettings.xcodeproj */,
				832341B01AAA6A8300B99B32 /* RCTText.xcodeproj */,
				00C302DF1ABCB9EE00DB3ED1 /* RCTVibration.xcodeproj */,
				139FDEE61B06529A00C62182 /* RCTWebSocket.xcodeproj */,
				D909C9A9A0C74D21BAAA3BF8 /* RNDeviceInfo.xcodeproj */,
				458929812BAE43EFB85068A6 /* RNI18n.xcodeproj */,
				64A36AE707F74207A93367BE /* RNVectorIcons.xcodeproj */,
				05C298D7354345F5B37D7A9D /* ReactNativeConfig.xcodeproj */,
				C26B00CC716B4AD8A9C0D518 /* RNSound.xcodeproj */,
				5C6DE125AD2A4958A6CD865E /* RNNetworkInfo.xcodeproj */,
				31183CE7FFB046AA935C7212 /* RNKeychain.xcodeproj */,
				1BB05525640F4158BA1DFA3A /* RCTBEEPickerManager.xcodeproj */,
				8965385A220A4225A21DE450 /* RCTContacts.xcodeproj */,
			);
			name = Libraries;
			sourceTree = "<group>";
		};
		832341B11AAA6A8300B99B32 /* Products */ = {
			isa = PBXGroup;
			children = (
				832341B51AAA6A8300B99B32 /* libRCTText.a */,
			);
			name = Products;
			sourceTree = "<group>";
		};
		83CBB9F61A601CBA00E9B192 = {
			isa = PBXGroup;
			children = (
				4CDFC1A31D94297100BD9B2C /* libz.tbd */,
				13B07FAE1A68108700A75B9A /* ReactRoost */,
				832341AE1AAA6A7D00B99B32 /* Libraries */,
				00E356EF1AD99517003FC87E /* ReactRoostTests */,
				83CBBA001A601CBA00E9B192 /* Products */,
				EDE172FB641D4A14829A0AC2 /* Resources */,
				D7D2CB631DA084CE003C6E8E /* Sounds */,
				2C50B6681E0AFE2500139916 /* ReactRoost copy-Info.plist */,
			);
			indentWidth = 2;
			sourceTree = "<group>";
			tabWidth = 2;
		};
		83CBBA001A601CBA00E9B192 /* Products */ = {
			isa = PBXGroup;
			children = (
				13B07F961A680F5B00A75B9A /* ReactRoost.app */,
				00E356EE1AD99517003FC87E /* ReactRoostTests.xctest */,
				2C50B6671E0AFE2400139916 /* ReactRoost-Prod.app */,
			);
			name = Products;
			sourceTree = "<group>";
		};
		CD11D9D01DF0CCB400ED9C20 /* Products */ = {
			isa = PBXGroup;
			children = (
				CD11D9D41DF0CCB400ED9C20 /* libART.a */,
			);
			name = Products;
			sourceTree = "<group>";
		};
		CD75E35E1DDA0940004F4379 /* Products */ = {
			isa = PBXGroup;
			children = (
				CD75E3631DDA0940004F4379 /* libRCTBEEPickerManager.a */,
			);
			name = Products;
			sourceTree = "<group>";
		};
		CD75E3891DDA0E3C004F4379 /* Products */ = {
			isa = PBXGroup;
			children = (
				CD75E38F1DDA0E3D004F4379 /* libRCTContacts.a */,
			);
			name = Products;
			sourceTree = "<group>";
		};
		CDFF06A61D809559007300F6 /* Products */ = {
			isa = PBXGroup;
			children = (
				CDFF06B81D809559007300F6 /* libRNDeviceInfo.a */,
			);
			name = Products;
			sourceTree = "<group>";
		};
		CDFF06A81D809559007300F6 /* Products */ = {
			isa = PBXGroup;
			children = (
				CDFF06BC1D809559007300F6 /* libRNI18n.a */,
				CDFF06BE1D809559007300F6 /* RNI18nTests.xctest */,
			);
			name = Products;
			sourceTree = "<group>";
		};
		CDFF06AA1D809559007300F6 /* Products */ = {
			isa = PBXGroup;
			children = (
				CDFF06C11D809559007300F6 /* libRNVectorIcons.a */,
			);
			name = Products;
			sourceTree = "<group>";
		};
		D7D2CB631DA084CE003C6E8E /* Sounds */ = {
			isa = PBXGroup;
			children = (
				D7D2CB641DA084CE003C6E8E /* alarm.wav */,
				CD4183271DF78DDE00648EBA /* silence.wav */,
				D7D2CB661DA084CE003C6E8E /* success.mp3 */,
			);
			path = Sounds;
			sourceTree = "<group>";
		};
		D7F844D51D9E71ED008B41A4 /* Products */ = {
			isa = PBXGroup;
			children = (
				D7F844DE1D9E71ED008B41A4 /* libRCTPushNotification.a */,
			);
			name = Products;
			sourceTree = "<group>";
		};
		EDE172FB641D4A14829A0AC2 /* Resources */ = {
			isa = PBXGroup;
			children = (
				0FA5BA061FCE4E84AAFC2997 /* Entypo.ttf */,
				2B0C31AFCE7449B2A081FAE0 /* EvilIcons.ttf */,
				5EF01555A02E4631A4E836BA /* FontAwesome.ttf */,
				E8B1E1382F924C7FA64F5444 /* Foundation.ttf */,
				1EEB2C4809804935A4A8DDE2 /* Ionicons.ttf */,
				809B79B4724A441CBC23CA8E /* MaterialIcons.ttf */,
				A68ED596FBFA41018781D2AF /* Octicons.ttf */,
				61714AA8D52F4E02AFFC778B /* Zocial.ttf */,
			);
			name = Resources;
			sourceTree = "<group>";
		};
/* End PBXGroup section */

/* Begin PBXNativeTarget section */
		00E356ED1AD99517003FC87E /* ReactRoostTests */ = {
			isa = PBXNativeTarget;
			buildConfigurationList = 00E357021AD99517003FC87E /* Build configuration list for PBXNativeTarget "ReactRoostTests" */;
			buildPhases = (
				00E356EA1AD99517003FC87E /* Sources */,
				00E356EB1AD99517003FC87E /* Frameworks */,
				00E356EC1AD99517003FC87E /* Resources */,
			);
			buildRules = (
			);
			dependencies = (
				00E356F51AD99517003FC87E /* PBXTargetDependency */,
			);
			name = ReactRoostTests;
			productName = ReactRoostTests;
			productReference = 00E356EE1AD99517003FC87E /* ReactRoostTests.xctest */;
			productType = "com.apple.product-type.bundle.unit-test";
		};
		13B07F861A680F5B00A75B9A /* ReactRoost-Dev */ = {
			isa = PBXNativeTarget;
			buildConfigurationList = 13B07F931A680F5B00A75B9A /* Build configuration list for PBXNativeTarget "ReactRoost-Dev" */;
			buildPhases = (
				13B07F871A680F5B00A75B9A /* Sources */,
				13B07F8C1A680F5B00A75B9A /* Frameworks */,
				13B07F8E1A680F5B00A75B9A /* Resources */,
				00DD1BFF1BD5951E006B06BC /* Bundle React Native code and images */,
			);
			buildRules = (
			);
			dependencies = (
			);
			name = "ReactRoost-Dev";
			productName = "Hello World";
			productReference = 13B07F961A680F5B00A75B9A /* ReactRoost.app */;
			productType = "com.apple.product-type.application";
		};
		2C50B6371E0AFE2400139916 /* ReactRoost-Prod */ = {
			isa = PBXNativeTarget;
			buildConfigurationList = 2C50B6641E0AFE2400139916 /* Build configuration list for PBXNativeTarget "ReactRoost-Prod" */;
			buildPhases = (
				2C50B6381E0AFE2400139916 /* Sources */,
				2C50B63E1E0AFE2400139916 /* Frameworks */,
				2C50B6551E0AFE2400139916 /* Resources */,
				2C50B6631E0AFE2400139916 /* Bundle React Native code and images */,
			);
			buildRules = (
			);
			dependencies = (
			);
			name = "ReactRoost-Prod";
			productName = "Hello World";
			productReference = 2C50B6671E0AFE2400139916 /* ReactRoost-Prod.app */;
			productType = "com.apple.product-type.application";
		};
/* End PBXNativeTarget section */

/* Begin PBXProject section */
		83CBB9F71A601CBA00E9B192 /* Project object */ = {
			isa = PBXProject;
			attributes = {
				LastUpgradeCheck = 610;
				ORGANIZATIONNAME = Facebook;
				TargetAttributes = {
					00E356ED1AD99517003FC87E = {
						CreatedOnToolsVersion = 6.2;
						DevelopmentTeam = 4B84P95Y5H;
						TestTargetID = 13B07F861A680F5B00A75B9A;
					};
					13B07F861A680F5B00A75B9A = {
						DevelopmentTeam = 4B84P95Y5H;
						SystemCapabilities = {
							com.apple.Keychain = {
								enabled = 1;
							};
							com.apple.Push = {
								enabled = 1;
							};
						};
					};
					2C50B6371E0AFE2400139916 = {
						DevelopmentTeam = 4B84P95Y5H;
						SystemCapabilities = {
							com.apple.Push = {
								enabled = 1;
							};
						};
					};
				};
			};
			buildConfigurationList = 83CBB9FA1A601CBA00E9B192 /* Build configuration list for PBXProject "ReactRoost" */;
			compatibilityVersion = "Xcode 3.2";
			developmentRegion = English;
			hasScannedForEncodings = 0;
			knownRegions = (
				en,
				Base,
			);
			mainGroup = 83CBB9F61A601CBA00E9B192;
			productRefGroup = 83CBBA001A601CBA00E9B192 /* Products */;
			projectDirPath = "";
			projectReferences = (
				{
					ProductGroup = CD11D9D01DF0CCB400ED9C20 /* Products */;
					ProjectRef = CD11D9CF1DF0CCB400ED9C20 /* ART.xcodeproj */;
				},
				{
					ProductGroup = 00C302A81ABCB8CE00DB3ED1 /* Products */;
					ProjectRef = 00C302A71ABCB8CE00DB3ED1 /* RCTActionSheet.xcodeproj */;
				},
				{
					ProductGroup = CD75E35E1DDA0940004F4379 /* Products */;
					ProjectRef = 1BB05525640F4158BA1DFA3A /* RCTBEEPickerManager.xcodeproj */;
				},
				{
					ProductGroup = CD75E3891DDA0E3C004F4379 /* Products */;
					ProjectRef = 8965385A220A4225A21DE450 /* RCTContacts.xcodeproj */;
				},
				{
					ProductGroup = 00C302B61ABCB90400DB3ED1 /* Products */;
					ProjectRef = 00C302B51ABCB90400DB3ED1 /* RCTGeolocation.xcodeproj */;
				},
				{
					ProductGroup = 00C302BC1ABCB91800DB3ED1 /* Products */;
					ProjectRef = 00C302BB1ABCB91800DB3ED1 /* RCTImage.xcodeproj */;
				},
				{
					ProductGroup = 78C398B11ACF4ADC00677621 /* Products */;
					ProjectRef = 78C398B01ACF4ADC00677621 /* RCTLinking.xcodeproj */;
				},
				{
					ProductGroup = 00C302D41ABCB9D200DB3ED1 /* Products */;
					ProjectRef = 00C302D31ABCB9D200DB3ED1 /* RCTNetwork.xcodeproj */;
				},
				{
					ProductGroup = D7F844D51D9E71ED008B41A4 /* Products */;
					ProjectRef = D7F844D41D9E71ED008B41A4 /* RCTPushNotification.xcodeproj */;
				},
				{
					ProductGroup = 139105B71AF99BAD00B5F7CC /* Products */;
					ProjectRef = 139105B61AF99BAD00B5F7CC /* RCTSettings.xcodeproj */;
				},
				{
					ProductGroup = 832341B11AAA6A8300B99B32 /* Products */;
					ProjectRef = 832341B01AAA6A8300B99B32 /* RCTText.xcodeproj */;
				},
				{
					ProductGroup = 00C302E01ABCB9EE00DB3ED1 /* Products */;
					ProjectRef = 00C302DF1ABCB9EE00DB3ED1 /* RCTVibration.xcodeproj */;
				},
				{
					ProductGroup = 139FDEE71B06529A00C62182 /* Products */;
					ProjectRef = 139FDEE61B06529A00C62182 /* RCTWebSocket.xcodeproj */;
				},
				{
					ProductGroup = 146834001AC3E56700842450 /* Products */;
					ProjectRef = 146833FF1AC3E56700842450 /* React.xcodeproj */;
				},
				{
					ProductGroup = 4CDFC1D41D9439E100BD9B2C /* Products */;
					ProjectRef = 05C298D7354345F5B37D7A9D /* ReactNativeConfig.xcodeproj */;
				},
				{
					ProductGroup = CDFF06A61D809559007300F6 /* Products */;
					ProjectRef = D909C9A9A0C74D21BAAA3BF8 /* RNDeviceInfo.xcodeproj */;
				},
				{
					ProductGroup = CDFF06A81D809559007300F6 /* Products */;
					ProjectRef = 458929812BAE43EFB85068A6 /* RNI18n.xcodeproj */;
				},
				{
					ProductGroup = 4C56B3AB1DB6B58400785A57 /* Products */;
					ProjectRef = 31183CE7FFB046AA935C7212 /* RNKeychain.xcodeproj */;
				},
				{
					ProductGroup = 4C45E6F91DB01FF3004442E3 /* Products */;
					ProjectRef = 5C6DE125AD2A4958A6CD865E /* RNNetworkInfo.xcodeproj */;
				},
				{
					ProductGroup = 4CDFC1B31D94344500BD9B2C /* Products */;
					ProjectRef = C26B00CC716B4AD8A9C0D518 /* RNSound.xcodeproj */;
				},
				{
					ProductGroup = CDFF06AA1D809559007300F6 /* Products */;
					ProjectRef = 64A36AE707F74207A93367BE /* RNVectorIcons.xcodeproj */;
				},
			);
			projectRoot = "";
			targets = (
				13B07F861A680F5B00A75B9A /* ReactRoost-Dev */,
				00E356ED1AD99517003FC87E /* ReactRoostTests */,
				2C50B6371E0AFE2400139916 /* ReactRoost-Prod */,
			);
		};
/* End PBXProject section */

/* Begin PBXReferenceProxy section */
		00C302AC1ABCB8CE00DB3ED1 /* libRCTActionSheet.a */ = {
			isa = PBXReferenceProxy;
			fileType = archive.ar;
			path = libRCTActionSheet.a;
			remoteRef = 00C302AB1ABCB8CE00DB3ED1 /* PBXContainerItemProxy */;
			sourceTree = BUILT_PRODUCTS_DIR;
		};
		00C302BA1ABCB90400DB3ED1 /* libRCTGeolocation.a */ = {
			isa = PBXReferenceProxy;
			fileType = archive.ar;
			path = libRCTGeolocation.a;
			remoteRef = 00C302B91ABCB90400DB3ED1 /* PBXContainerItemProxy */;
			sourceTree = BUILT_PRODUCTS_DIR;
		};
		00C302C01ABCB91800DB3ED1 /* libRCTImage.a */ = {
			isa = PBXReferenceProxy;
			fileType = archive.ar;
			path = libRCTImage.a;
			remoteRef = 00C302BF1ABCB91800DB3ED1 /* PBXContainerItemProxy */;
			sourceTree = BUILT_PRODUCTS_DIR;
		};
		00C302DC1ABCB9D200DB3ED1 /* libRCTNetwork.a */ = {
			isa = PBXReferenceProxy;
			fileType = archive.ar;
			path = libRCTNetwork.a;
			remoteRef = 00C302DB1ABCB9D200DB3ED1 /* PBXContainerItemProxy */;
			sourceTree = BUILT_PRODUCTS_DIR;
		};
		00C302E41ABCB9EE00DB3ED1 /* libRCTVibration.a */ = {
			isa = PBXReferenceProxy;
			fileType = archive.ar;
			path = libRCTVibration.a;
			remoteRef = 00C302E31ABCB9EE00DB3ED1 /* PBXContainerItemProxy */;
			sourceTree = BUILT_PRODUCTS_DIR;
		};
		139105C11AF99BAD00B5F7CC /* libRCTSettings.a */ = {
			isa = PBXReferenceProxy;
			fileType = archive.ar;
			path = libRCTSettings.a;
			remoteRef = 139105C01AF99BAD00B5F7CC /* PBXContainerItemProxy */;
			sourceTree = BUILT_PRODUCTS_DIR;
		};
		139FDEF41B06529B00C62182 /* libRCTWebSocket.a */ = {
			isa = PBXReferenceProxy;
			fileType = archive.ar;
			path = libRCTWebSocket.a;
			remoteRef = 139FDEF31B06529B00C62182 /* PBXContainerItemProxy */;
			sourceTree = BUILT_PRODUCTS_DIR;
		};
		146834041AC3E56700842450 /* libReact.a */ = {
			isa = PBXReferenceProxy;
			fileType = archive.ar;
			path = libReact.a;
			remoteRef = 146834031AC3E56700842450 /* PBXContainerItemProxy */;
			sourceTree = BUILT_PRODUCTS_DIR;
		};
		4C45E70C1DB01FF5004442E3 /* libRNNetworkInfo.a */ = {
			isa = PBXReferenceProxy;
			fileType = archive.ar;
			path = libRNNetworkInfo.a;
			remoteRef = 4C45E70B1DB01FF5004442E3 /* PBXContainerItemProxy */;
			sourceTree = BUILT_PRODUCTS_DIR;
		};
		4C56B3BE1DB6B58400785A57 /* libRNKeychain.a */ = {
			isa = PBXReferenceProxy;
			fileType = archive.ar;
			path = libRNKeychain.a;
			remoteRef = 4C56B3BD1DB6B58400785A57 /* PBXContainerItemProxy */;
			sourceTree = BUILT_PRODUCTS_DIR;
		};
		4CDFC1C51D94344500BD9B2C /* libRNSound.a */ = {
			isa = PBXReferenceProxy;
			fileType = archive.ar;
			path = libRNSound.a;
			remoteRef = 4CDFC1C41D94344500BD9B2C /* PBXContainerItemProxy */;
			sourceTree = BUILT_PRODUCTS_DIR;
		};
		4CDFC1E21D9439E100BD9B2C /* libReactNativeConfig.a */ = {
			isa = PBXReferenceProxy;
			fileType = archive.ar;
			path = libReactNativeConfig.a;
			remoteRef = 4CDFC1E11D9439E100BD9B2C /* PBXContainerItemProxy */;
			sourceTree = BUILT_PRODUCTS_DIR;
		};
		78C398B91ACF4ADC00677621 /* libRCTLinking.a */ = {
			isa = PBXReferenceProxy;
			fileType = archive.ar;
			path = libRCTLinking.a;
			remoteRef = 78C398B81ACF4ADC00677621 /* PBXContainerItemProxy */;
			sourceTree = BUILT_PRODUCTS_DIR;
		};
		832341B51AAA6A8300B99B32 /* libRCTText.a */ = {
			isa = PBXReferenceProxy;
			fileType = archive.ar;
			path = libRCTText.a;
			remoteRef = 832341B41AAA6A8300B99B32 /* PBXContainerItemProxy */;
			sourceTree = BUILT_PRODUCTS_DIR;
		};
		CD11D9D41DF0CCB400ED9C20 /* libART.a */ = {
			isa = PBXReferenceProxy;
			fileType = archive.ar;
			path = libART.a;
			remoteRef = CD11D9D31DF0CCB400ED9C20 /* PBXContainerItemProxy */;
			sourceTree = BUILT_PRODUCTS_DIR;
		};
		CD75E3631DDA0940004F4379 /* libRCTBEEPickerManager.a */ = {
			isa = PBXReferenceProxy;
			fileType = archive.ar;
			path = libRCTBEEPickerManager.a;
			remoteRef = CD75E3621DDA0940004F4379 /* PBXContainerItemProxy */;
			sourceTree = BUILT_PRODUCTS_DIR;
		};
		CD75E38F1DDA0E3D004F4379 /* libRCTContacts.a */ = {
			isa = PBXReferenceProxy;
			fileType = archive.ar;
			path = libRCTContacts.a;
			remoteRef = CD75E38E1DDA0E3D004F4379 /* PBXContainerItemProxy */;
			sourceTree = BUILT_PRODUCTS_DIR;
		};
		CDFF06B81D809559007300F6 /* libRNDeviceInfo.a */ = {
			isa = PBXReferenceProxy;
			fileType = archive.ar;
			path = libRNDeviceInfo.a;
			remoteRef = CDFF06B71D809559007300F6 /* PBXContainerItemProxy */;
			sourceTree = BUILT_PRODUCTS_DIR;
		};
		CDFF06BC1D809559007300F6 /* libRNI18n.a */ = {
			isa = PBXReferenceProxy;
			fileType = archive.ar;
			path = libRNI18n.a;
			remoteRef = CDFF06BB1D809559007300F6 /* PBXContainerItemProxy */;
			sourceTree = BUILT_PRODUCTS_DIR;
		};
		CDFF06BE1D809559007300F6 /* RNI18nTests.xctest */ = {
			isa = PBXReferenceProxy;
			fileType = wrapper.cfbundle;
			path = RNI18nTests.xctest;
			remoteRef = CDFF06BD1D809559007300F6 /* PBXContainerItemProxy */;
			sourceTree = BUILT_PRODUCTS_DIR;
		};
		CDFF06C11D809559007300F6 /* libRNVectorIcons.a */ = {
			isa = PBXReferenceProxy;
			fileType = archive.ar;
			path = libRNVectorIcons.a;
			remoteRef = CDFF06C01D809559007300F6 /* PBXContainerItemProxy */;
			sourceTree = BUILT_PRODUCTS_DIR;
		};
		D7F844DE1D9E71ED008B41A4 /* libRCTPushNotification.a */ = {
			isa = PBXReferenceProxy;
			fileType = archive.ar;
			path = libRCTPushNotification.a;
			remoteRef = D7F844DD1D9E71ED008B41A4 /* PBXContainerItemProxy */;
			sourceTree = BUILT_PRODUCTS_DIR;
		};
/* End PBXReferenceProxy section */

/* Begin PBXResourcesBuildPhase section */
		00E356EC1AD99517003FC87E /* Resources */ = {
			isa = PBXResourcesBuildPhase;
			buildActionMask = 2147483647;
			files = (
			);
			runOnlyForDeploymentPostprocessing = 0;
		};
		13B07F8E1A680F5B00A75B9A /* Resources */ = {
			isa = PBXResourcesBuildPhase;
			buildActionMask = 2147483647;
			files = (
				13B07FBF1A68108700A75B9A /* Images.xcassets in Resources */,
				D7D2CB671DA084CE003C6E8E /* alarm.wav in Resources */,
				D783A5B61DA06C4A0045F9B4 /* Images.xcassets in Resources */,
				83EC7B7538B943C6B7847E0D /* Entypo.ttf in Resources */,
				D5F178EF4F2846FFAC0E1F42 /* EvilIcons.ttf in Resources */,
				2A946EF147424C6EAB71152A /* FontAwesome.ttf in Resources */,
				BB30A8D18C8F4F02B3D19B65 /* Foundation.ttf in Resources */,
				EE17DE785C144030978A8556 /* Ionicons.ttf in Resources */,
				D7D2CB691DA084CE003C6E8E /* success.mp3 in Resources */,
				CD4183281DF78DDE00648EBA /* silence.wav in Resources */,
				F935A98BB52942A2B3744448 /* MaterialIcons.ttf in Resources */,
				2C34DA949BB041EDA42425BD /* Octicons.ttf in Resources */,
				841242931FD847FF8BC6EAB2 /* Zocial.ttf in Resources */,
			);
			runOnlyForDeploymentPostprocessing = 0;
		};
		2C50B6551E0AFE2400139916 /* Resources */ = {
			isa = PBXResourcesBuildPhase;
			buildActionMask = 2147483647;
			files = (
				2C50B6561E0AFE2400139916 /* Images.xcassets in Resources */,
				2C50B6571E0AFE2400139916 /* alarm.wav in Resources */,
				2C50B6581E0AFE2400139916 /* Images.xcassets in Resources */,
				2C50B6591E0AFE2400139916 /* Entypo.ttf in Resources */,
				2C50B65A1E0AFE2400139916 /* EvilIcons.ttf in Resources */,
				2C50B65B1E0AFE2400139916 /* FontAwesome.ttf in Resources */,
				2C50B65C1E0AFE2400139916 /* Foundation.ttf in Resources */,
				2C50B65D1E0AFE2400139916 /* Ionicons.ttf in Resources */,
				2C50B65E1E0AFE2400139916 /* success.mp3 in Resources */,
				2C50B65F1E0AFE2400139916 /* silence.wav in Resources */,
				2C50B6601E0AFE2400139916 /* MaterialIcons.ttf in Resources */,
				2C50B6611E0AFE2400139916 /* Octicons.ttf in Resources */,
				2C50B6621E0AFE2400139916 /* Zocial.ttf in Resources */,
			);
			runOnlyForDeploymentPostprocessing = 0;
		};
/* End PBXResourcesBuildPhase section */

/* Begin PBXShellScriptBuildPhase section */
		00DD1BFF1BD5951E006B06BC /* Bundle React Native code and images */ = {
			isa = PBXShellScriptBuildPhase;
			buildActionMask = 2147483647;
			files = (
			);
			inputPaths = (
			);
			name = "Bundle React Native code and images";
			outputPaths = (
			);
			runOnlyForDeploymentPostprocessing = 0;
			shellPath = /bin/sh;
			shellScript = "export NODE_BINARY=node\n../node_modules/react-native/packager/react-native-xcode.sh";
		};
		2C50B6631E0AFE2400139916 /* Bundle React Native code and images */ = {
			isa = PBXShellScriptBuildPhase;
			buildActionMask = 2147483647;
			files = (
			);
			inputPaths = (
			);
			name = "Bundle React Native code and images";
			outputPaths = (
			);
			runOnlyForDeploymentPostprocessing = 0;
			shellPath = /bin/sh;
			shellScript = "export NODE_BINARY=node\n../node_modules/react-native/packager/react-native-xcode.sh";
		};
/* End PBXShellScriptBuildPhase section */

/* Begin PBXSourcesBuildPhase section */
		00E356EA1AD99517003FC87E /* Sources */ = {
			isa = PBXSourcesBuildPhase;
			buildActionMask = 2147483647;
			files = (
				00E356F31AD99517003FC87E /* ReactRoostTests.m in Sources */,
			);
			runOnlyForDeploymentPostprocessing = 0;
		};
		13B07F871A680F5B00A75B9A /* Sources */ = {
			isa = PBXSourcesBuildPhase;
			buildActionMask = 2147483647;
			files = (
				13B07FBC1A68108700A75B9A /* AppDelegate.m in Sources */,
				13B07FC11A68108700A75B9A /* main.m in Sources */,
				4CDFC1931D9425A100BD9B2C /* xxtea.c in Sources */,
				CD2DB46D1DF89D48005BBFD4 /* Volume.m in Sources */,
				4CD10DE31D91B3440050DB80 /* Provision.m in Sources */,
			);
			runOnlyForDeploymentPostprocessing = 0;
		};
		2C50B6381E0AFE2400139916 /* Sources */ = {
			isa = PBXSourcesBuildPhase;
			buildActionMask = 2147483647;
			files = (
				2C50B6391E0AFE2400139916 /* AppDelegate.m in Sources */,
				2C50B63A1E0AFE2400139916 /* main.m in Sources */,
				2C50B63B1E0AFE2400139916 /* xxtea.c in Sources */,
				2C50B63C1E0AFE2400139916 /* Volume.m in Sources */,
				2C50B63D1E0AFE2400139916 /* Provision.m in Sources */,
			);
			runOnlyForDeploymentPostprocessing = 0;
		};
/* End PBXSourcesBuildPhase section */

/* Begin PBXTargetDependency section */
		00E356F51AD99517003FC87E /* PBXTargetDependency */ = {
			isa = PBXTargetDependency;
			target = 13B07F861A680F5B00A75B9A /* ReactRoost-Dev */;
			targetProxy = 00E356F41AD99517003FC87E /* PBXContainerItemProxy */;
		};
/* End PBXTargetDependency section */

/* Begin XCBuildConfiguration section */
		00E356F61AD99517003FC87E /* Debug */ = {
			isa = XCBuildConfiguration;
			buildSettings = {
				BUNDLE_LOADER = "$(TEST_HOST)";
				DEVELOPMENT_TEAM = 4B84P95Y5H;
				GCC_PREPROCESSOR_DEFINITIONS = (
					"DEBUG=1",
					"$(inherited)",
				);
				INFOPLIST_FILE = ReactRoostTests/Info.plist;
				IPHONEOS_DEPLOYMENT_TARGET = 8.2;
				LD_RUNPATH_SEARCH_PATHS = "$(inherited) @executable_path/Frameworks @loader_path/Frameworks";
				LIBRARY_SEARCH_PATHS = (
					"$(inherited)",
					"\"$(SRCROOT)/$(TARGET_NAME)\"",
					"\"$(SRCROOT)/$(TARGET_NAME)\"",
					"\"$(SRCROOT)/$(TARGET_NAME)\"",
					"\"$(SRCROOT)/$(TARGET_NAME)\"",
					"\"$(SRCROOT)/$(TARGET_NAME)\"",
					"\"$(SRCROOT)/$(TARGET_NAME)\"",
					"\"$(SRCROOT)/$(TARGET_NAME)\"",
					"\"$(SRCROOT)/$(TARGET_NAME)\"",
					"\"$(SRCROOT)/$(TARGET_NAME)\"",
				);
				PRODUCT_NAME = "$(TARGET_NAME)";
				TEST_HOST = "$(BUILT_PRODUCTS_DIR)/ReactRoost.app/ReactRoost";
			};
			name = Debug;
		};
		00E356F71AD99517003FC87E /* Release */ = {
			isa = XCBuildConfiguration;
			buildSettings = {
				BUNDLE_LOADER = "$(TEST_HOST)";
				COPY_PHASE_STRIP = NO;
				DEVELOPMENT_TEAM = 4B84P95Y5H;
				INFOPLIST_FILE = ReactRoostTests/Info.plist;
				IPHONEOS_DEPLOYMENT_TARGET = 8.2;
				LD_RUNPATH_SEARCH_PATHS = "$(inherited) @executable_path/Frameworks @loader_path/Frameworks";
				LIBRARY_SEARCH_PATHS = (
					"$(inherited)",
					"\"$(SRCROOT)/$(TARGET_NAME)\"",
					"\"$(SRCROOT)/$(TARGET_NAME)\"",
					"\"$(SRCROOT)/$(TARGET_NAME)\"",
					"\"$(SRCROOT)/$(TARGET_NAME)\"",
					"\"$(SRCROOT)/$(TARGET_NAME)\"",
					"\"$(SRCROOT)/$(TARGET_NAME)\"",
					"\"$(SRCROOT)/$(TARGET_NAME)\"",
					"\"$(SRCROOT)/$(TARGET_NAME)\"",
					"\"$(SRCROOT)/$(TARGET_NAME)\"",
				);
				PRODUCT_NAME = "$(TARGET_NAME)";
				TEST_HOST = "$(BUILT_PRODUCTS_DIR)/ReactRoost.app/ReactRoost";
			};
			name = Release;
		};
		13B07F941A680F5B00A75B9A /* Debug */ = {
			isa = XCBuildConfiguration;
			buildSettings = {
				ASSETCATALOG_COMPILER_APPICON_NAME = AppIcon;
				ASSETCATALOG_COMPILER_LAUNCHIMAGE_NAME = LaunchImage;
				CODE_SIGN_ENTITLEMENTS = ReactRoost/ReactRoost.entitlements;
				"CODE_SIGN_IDENTITY[sdk=iphoneos*]" = "iPhone Distribution";
				CURRENT_PROJECT_VERSION = 10;
				DEAD_CODE_STRIPPING = NO;
				DEVELOPMENT_TEAM = 4B84P95Y5H;
				HEADER_SEARCH_PATHS = (
					"$(inherited)",
					/Applications/Xcode.app/Contents/Developer/Toolchains/XcodeDefault.xctoolchain/usr/include,
					"$(SRCROOT)/../node_modules/react-native/React/**",
					"$(SRCROOT)/../node_modules/react-native-device-info/RNDeviceInfo",
					"$(SRCROOT)/../node_modules/react-native-i18n/RNI18n",
					"$(SRCROOT)/../node_modules/react-native-vector-icons/RNVectorIconsManager",
					"$(SRCROOT)/../node_modules/react-native-config/ios/ReactNativeConfig",
					"$(SRCROOT)/../node_modules/react-native-sound/RNSound",
					"$(SRCROOT)/../node_modules/react-native/Libraries/PushNotificationIOS/**",
					"$(SRCROOT)/../node_modules/react-native-network-info/ios",
					"$(SRCROOT)/../node_modules/react-native-keychain/RNKeychainManager",
					"$(SRCROOT)/../node_modules/react-native-picker/ios/RCTBEEPickerManager",
					"$(SRCROOT)/../node_modules/react-native-contacts/ios/RCTContacts",
				);
				INFOPLIST_FILE = ReactRoost/Info.plist;
				LD_RUNPATH_SEARCH_PATHS = "$(inherited) @executable_path/Frameworks";
				OTHER_LDFLAGS = (
					"$(inherited)",
					"-ObjC",
					"-lc++",
				);
				PRODUCT_NAME = ReactRoost;
				PROVISIONING_PROFILE = "a985ed5e-6de1-4dd0-8c8a-c6ee1cbf4d76";
				PROVISIONING_PROFILE_SPECIFIER = "match Development com.roost.app-dev";
				VERSIONING_SYSTEM = "apple-generic";
			};
			name = Debug;
		};
		13B07F951A680F5B00A75B9A /* Release */ = {
			isa = XCBuildConfiguration;
			buildSettings = {
				ASSETCATALOG_COMPILER_APPICON_NAME = AppIcon;
				ASSETCATALOG_COMPILER_LAUNCHIMAGE_NAME = LaunchImage;
				CODE_SIGN_ENTITLEMENTS = ReactRoost/ReactRoost.entitlements;
				"CODE_SIGN_IDENTITY[sdk=iphoneos*]" = "iPhone Distribution";
				CURRENT_PROJECT_VERSION = 10;
				DEVELOPMENT_TEAM = 4B84P95Y5H;
				HEADER_SEARCH_PATHS = (
					"$(inherited)",
					/Applications/Xcode.app/Contents/Developer/Toolchains/XcodeDefault.xctoolchain/usr/include,
					"$(SRCROOT)/../node_modules/react-native/React/**",
					"$(SRCROOT)/../node_modules/react-native-device-info/RNDeviceInfo",
					"$(SRCROOT)/../node_modules/react-native-i18n/RNI18n",
					"$(SRCROOT)/../node_modules/react-native-vector-icons/RNVectorIconsManager",
					"$(SRCROOT)/../node_modules/react-native-config/ios/ReactNativeConfig",
					"$(SRCROOT)/../node_modules/react-native-sound/RNSound",
					"$(SRCROOT)/../node_modules/react-native/Libraries/PushNotificationIOS/**",
					"$(SRCROOT)/../node_modules/react-native-network-info/ios",
					"$(SRCROOT)/../node_modules/react-native-keychain/RNKeychainManager",
					"$(SRCROOT)/../node_modules/react-native-picker/ios/RCTBEEPickerManager",
					"$(SRCROOT)/../node_modules/react-native-contacts/ios/RCTContacts",
				);
				INFOPLIST_FILE = ReactRoost/Info.plist;
				LD_RUNPATH_SEARCH_PATHS = "$(inherited) @executable_path/Frameworks";
				OTHER_LDFLAGS = (
					"$(inherited)",
					"-ObjC",
					"-lc++",
				);
				PRODUCT_NAME = ReactRoost;
				PROVISIONING_PROFILE = "83c0dd2a-3dac-496c-aada-8547961aaa63";
				PROVISIONING_PROFILE_SPECIFIER = "match AdHoc com.roost.app-dev 1480710655";
				VERSIONING_SYSTEM = "apple-generic";
			};
			name = Release;
		};
		2C50B6651E0AFE2400139916 /* Debug */ = {
			isa = XCBuildConfiguration;
			buildSettings = {
				ASSETCATALOG_COMPILER_APPICON_NAME = AppIcon;
				ASSETCATALOG_COMPILER_LAUNCHIMAGE_NAME = LaunchImage;
				CODE_SIGN_ENTITLEMENTS = ReactRoost/ReactRoost.entitlements;
				"CODE_SIGN_IDENTITY[sdk=iphoneos*]" = "iPhone Distribution";
				CURRENT_PROJECT_VERSION = 10;
				DEAD_CODE_STRIPPING = NO;
				DEVELOPMENT_TEAM = 4B84P95Y5H;
				HEADER_SEARCH_PATHS = (
					"$(inherited)",
					/Applications/Xcode.app/Contents/Developer/Toolchains/XcodeDefault.xctoolchain/usr/include,
					"$(SRCROOT)/../node_modules/react-native/React/**",
					"$(SRCROOT)/../node_modules/react-native-device-info/RNDeviceInfo",
					"$(SRCROOT)/../node_modules/react-native-i18n/RNI18n",
					"$(SRCROOT)/../node_modules/react-native-vector-icons/RNVectorIconsManager",
					"$(SRCROOT)/../node_modules/react-native-config/ios/ReactNativeConfig",
					"$(SRCROOT)/../node_modules/react-native-sound/RNSound",
					"$(SRCROOT)/../node_modules/react-native/Libraries/PushNotificationIOS/**",
					"$(SRCROOT)/../node_modules/react-native-network-info/ios",
					"$(SRCROOT)/../node_modules/react-native-keychain/RNKeychainManager",
					"$(SRCROOT)/../node_modules/react-native-picker/ios/RCTBEEPickerManager",
					"$(SRCROOT)/../node_modules/react-native-contacts/ios/RCTContacts",
				);
				INFOPLIST_FILE = "ReactRoost copy-Info.plist";
				LD_RUNPATH_SEARCH_PATHS = "$(inherited) @executable_path/Frameworks";
				OTHER_LDFLAGS = (
					"$(inherited)",
					"-ObjC",
					"-lc++",
				);
				PRODUCT_BUNDLE_IDENTIFIER = com.roost.app;
				PRODUCT_NAME = "$(TARGET_NAME)";
				PROVISIONING_PROFILE = "738ff078-7bdf-41aa-8ad0-cfb1969d9a9d";
				PROVISIONING_PROFILE_SPECIFIER = "match AdHoc com.roost.app";
				VERSIONING_SYSTEM = "apple-generic";
			};
			name = Debug;
		};
		2C50B6661E0AFE2400139916 /* Release */ = {
			isa = XCBuildConfiguration;
			buildSettings = {
				ASSETCATALOG_COMPILER_APPICON_NAME = AppIcon;
				ASSETCATALOG_COMPILER_LAUNCHIMAGE_NAME = LaunchImage;
				CODE_SIGN_ENTITLEMENTS = ReactRoost/ReactRoost.entitlements;
				"CODE_SIGN_IDENTITY[sdk=iphoneos*]" = "iPhone Distribution: Roost Inc (4B84P95Y5H)";
				CURRENT_PROJECT_VERSION = 10;
				DEVELOPMENT_TEAM = 4B84P95Y5H;
				HEADER_SEARCH_PATHS = (
					"$(inherited)",
					/Applications/Xcode.app/Contents/Developer/Toolchains/XcodeDefault.xctoolchain/usr/include,
					"$(SRCROOT)/../node_modules/react-native/React/**",
					"$(SRCROOT)/../node_modules/react-native-device-info/RNDeviceInfo",
					"$(SRCROOT)/../node_modules/react-native-i18n/RNI18n",
					"$(SRCROOT)/../node_modules/react-native-vector-icons/RNVectorIconsManager",
					"$(SRCROOT)/../node_modules/react-native-config/ios/ReactNativeConfig",
					"$(SRCROOT)/../node_modules/react-native-sound/RNSound",
					"$(SRCROOT)/../node_modules/react-native/Libraries/PushNotificationIOS/**",
					"$(SRCROOT)/../node_modules/react-native-network-info/ios",
					"$(SRCROOT)/../node_modules/react-native-keychain/RNKeychainManager",
					"$(SRCROOT)/../node_modules/react-native-picker/ios/RCTBEEPickerManager",
					"$(SRCROOT)/../node_modules/react-native-contacts/ios/RCTContacts",
				);
				INFOPLIST_FILE = "ReactRoost copy-Info.plist";
				LD_RUNPATH_SEARCH_PATHS = "$(inherited) @executable_path/Frameworks";
				OTHER_LDFLAGS = (
					"$(inherited)",
					"-ObjC",
					"-lc++",
				);
				PRODUCT_BUNDLE_IDENTIFIER = com.roost.app;
				PRODUCT_NAME = "$(TARGET_NAME)";
				PROVISIONING_PROFILE = "738ff078-7bdf-41aa-8ad0-cfb1969d9a9d";
				PROVISIONING_PROFILE_SPECIFIER = "match AdHoc com.roost.app";
				VERSIONING_SYSTEM = "apple-generic";
			};
			name = Release;
		};
		83CBBA201A601CBA00E9B192 /* Debug */ = {
			isa = XCBuildConfiguration;
			buildSettings = {
				ALWAYS_SEARCH_USER_PATHS = NO;
				CLANG_CXX_LANGUAGE_STANDARD = "gnu++0x";
				CLANG_CXX_LIBRARY = "libc++";
				CLANG_ENABLE_MODULES = YES;
				CLANG_ENABLE_OBJC_ARC = YES;
				CLANG_WARN_BOOL_CONVERSION = YES;
				CLANG_WARN_CONSTANT_CONVERSION = YES;
				CLANG_WARN_DIRECT_OBJC_ISA_USAGE = YES_ERROR;
				CLANG_WARN_EMPTY_BODY = YES;
				CLANG_WARN_ENUM_CONVERSION = YES;
				CLANG_WARN_INT_CONVERSION = YES;
				CLANG_WARN_OBJC_ROOT_CLASS = YES_ERROR;
				CLANG_WARN_UNREACHABLE_CODE = YES;
				CLANG_WARN__DUPLICATE_METHOD_MATCH = YES;
				"CODE_SIGN_IDENTITY[sdk=iphoneos*]" = "iPhone Developer";
				COPY_PHASE_STRIP = NO;
				ENABLE_STRICT_OBJC_MSGSEND = YES;
				GCC_C_LANGUAGE_STANDARD = gnu99;
				GCC_DYNAMIC_NO_PIC = NO;
				GCC_OPTIMIZATION_LEVEL = 0;
				GCC_PREPROCESSOR_DEFINITIONS = (
					"DEBUG=1",
					"$(inherited)",
				);
				GCC_SYMBOLS_PRIVATE_EXTERN = NO;
				GCC_WARN_64_TO_32_BIT_CONVERSION = YES;
				GCC_WARN_ABOUT_RETURN_TYPE = YES_ERROR;
				GCC_WARN_UNDECLARED_SELECTOR = YES;
				GCC_WARN_UNINITIALIZED_AUTOS = YES_AGGRESSIVE;
				GCC_WARN_UNUSED_FUNCTION = YES;
				GCC_WARN_UNUSED_VARIABLE = YES;
				HEADER_SEARCH_PATHS = (
					"$(inherited)",
					/Applications/Xcode.app/Contents/Developer/Toolchains/XcodeDefault.xctoolchain/usr/include,
					"$(SRCROOT)/../node_modules/react-native/React/**",
					"$(SRCROOT)/../node_modules/react-native-device-info/RNDeviceInfo",
					"$(SRCROOT)/../node_modules/react-native-i18n/RNI18n",
					"$(SRCROOT)/../node_modules/react-native-vector-icons/RNVectorIconsManager",
					"$(SRCROOT)/../node_modules/react-native-config/ios/ReactNativeConfig",
					"$(SRCROOT)/../node_modules/react-native-sound/RNSound",
					"$(SRCROOT)/../node_modules/react-native-network-info/ios",
					"$(SRCROOT)/../node_modules/react-native-keychain/RNKeychainManager",
					"$(SRCROOT)/../node_modules/react-native-picker/ios/RCTBEEPickerManager",
					"$(SRCROOT)/../node_modules/react-native-contacts/ios/RCTContacts",
				);
				IPHONEOS_DEPLOYMENT_TARGET = 8.0;
				MTL_ENABLE_DEBUG_INFO = YES;
				ONLY_ACTIVE_ARCH = YES;
				SDKROOT = iphoneos;
			};
			name = Debug;
		};
		83CBBA211A601CBA00E9B192 /* Release */ = {
			isa = XCBuildConfiguration;
			buildSettings = {
				ALWAYS_SEARCH_USER_PATHS = NO;
				CLANG_CXX_LANGUAGE_STANDARD = "gnu++0x";
				CLANG_CXX_LIBRARY = "libc++";
				CLANG_ENABLE_MODULES = YES;
				CLANG_ENABLE_OBJC_ARC = YES;
				CLANG_WARN_BOOL_CONVERSION = YES;
				CLANG_WARN_CONSTANT_CONVERSION = YES;
				CLANG_WARN_DIRECT_OBJC_ISA_USAGE = YES_ERROR;
				CLANG_WARN_EMPTY_BODY = YES;
				CLANG_WARN_ENUM_CONVERSION = YES;
				CLANG_WARN_INT_CONVERSION = YES;
				CLANG_WARN_OBJC_ROOT_CLASS = YES_ERROR;
				CLANG_WARN_UNREACHABLE_CODE = YES;
				CLANG_WARN__DUPLICATE_METHOD_MATCH = YES;
				"CODE_SIGN_IDENTITY[sdk=iphoneos*]" = "iPhone Developer";
				COPY_PHASE_STRIP = YES;
				ENABLE_NS_ASSERTIONS = NO;
				ENABLE_STRICT_OBJC_MSGSEND = YES;
				GCC_C_LANGUAGE_STANDARD = gnu99;
				GCC_WARN_64_TO_32_BIT_CONVERSION = YES;
				GCC_WARN_ABOUT_RETURN_TYPE = YES_ERROR;
				GCC_WARN_UNDECLARED_SELECTOR = YES;
				GCC_WARN_UNINITIALIZED_AUTOS = YES_AGGRESSIVE;
				GCC_WARN_UNUSED_FUNCTION = YES;
				GCC_WARN_UNUSED_VARIABLE = YES;
				HEADER_SEARCH_PATHS = (
					"$(inherited)",
					/Applications/Xcode.app/Contents/Developer/Toolchains/XcodeDefault.xctoolchain/usr/include,
					"$(SRCROOT)/../node_modules/react-native/React/**",
					"$(SRCROOT)/../node_modules/react-native-device-info/RNDeviceInfo",
					"$(SRCROOT)/../node_modules/react-native-i18n/RNI18n",
					"$(SRCROOT)/../node_modules/react-native-vector-icons/RNVectorIconsManager",
					"$(SRCROOT)/../node_modules/react-native-config/ios/ReactNativeConfig",
					"$(SRCROOT)/../node_modules/react-native-sound/RNSound",
					"$(SRCROOT)/../node_modules/react-native-network-info/ios",
					"$(SRCROOT)/../node_modules/react-native-keychain/RNKeychainManager",
					"$(SRCROOT)/../node_modules/react-native-picker/ios/RCTBEEPickerManager",
					"$(SRCROOT)/../node_modules/react-native-contacts/ios/RCTContacts",
				);
				IPHONEOS_DEPLOYMENT_TARGET = 8.0;
				MTL_ENABLE_DEBUG_INFO = NO;
				SDKROOT = iphoneos;
				VALIDATE_PRODUCT = YES;
			};
			name = Release;
		};
/* End XCBuildConfiguration section */

/* Begin XCConfigurationList section */
		00E357021AD99517003FC87E /* Build configuration list for PBXNativeTarget "ReactRoostTests" */ = {
			isa = XCConfigurationList;
			buildConfigurations = (
				00E356F61AD99517003FC87E /* Debug */,
				00E356F71AD99517003FC87E /* Release */,
			);
			defaultConfigurationIsVisible = 0;
			defaultConfigurationName = Release;
		};
		13B07F931A680F5B00A75B9A /* Build configuration list for PBXNativeTarget "ReactRoost-Dev" */ = {
			isa = XCConfigurationList;
			buildConfigurations = (
				13B07F941A680F5B00A75B9A /* Debug */,
				13B07F951A680F5B00A75B9A /* Release */,
			);
			defaultConfigurationIsVisible = 0;
			defaultConfigurationName = Release;
		};
		2C50B6641E0AFE2400139916 /* Build configuration list for PBXNativeTarget "ReactRoost-Prod" */ = {
			isa = XCConfigurationList;
			buildConfigurations = (
				2C50B6651E0AFE2400139916 /* Debug */,
				2C50B6661E0AFE2400139916 /* Release */,
			);
			defaultConfigurationIsVisible = 0;
			defaultConfigurationName = Release;
		};
		83CBB9FA1A601CBA00E9B192 /* Build configuration list for PBXProject "ReactRoost" */ = {
			isa = XCConfigurationList;
			buildConfigurations = (
				83CBBA201A601CBA00E9B192 /* Debug */,
				83CBBA211A601CBA00E9B192 /* Release */,
			);
			defaultConfigurationIsVisible = 0;
			defaultConfigurationName = Release;
		};
/* End XCConfigurationList section */
	};
	rootObject = 83CBB9F71A601CBA00E9B192 /* Project object */;
}
